
Microsoft Visual Studio Solution File, Format Version 12.00
# Visual Studio 15
VisualStudioVersion = 15.0.27004.2005
MinimumVisualStudioVersion = 10.0.40219.1
Project("{FAE04EC0-301F-11D3-BF4B-00C04F79EFBC}") = "Fork.Net", "Fork.Net\Fork.Net.csproj", "{A8EBC472-2AF6-41B1-B1A0-C4D28D165C02}"
EndProject
Project("{2150E333-8FDC-42A3-9474-1A3956D46DE8}") = "Fork.Net.Tools", "Fork.Net.Tools", "{F222E566-DA0C-443C-BB9F-80536F02DB36}"
EndProject
Project("{2150E333-8FDC-42A3-9474-1A3956D46DE8}") = "Waka.Lego", "Waka.Lego", "{0DB08A6B-6960-48CD-B23B-6428F47FDA60}"
EndProject
Project("{2150E333-8FDC-42A3-9474-1A3956D46DE8}") = "Test", "Test", "{A89FC45A-A907-4487-8719-114530A62684}"
EndProject
Project("{2150E333-8FDC-42A3-9474-1A3956D46DE8}") = "Oreo.Plugins", "Oreo.Plugins", "{E53B3662-A5FD-4D4C-AFF6-1DC9FF24EA16}"
EndProject
Project("{FAE04EC0-301F-11D3-BF4B-00C04F79EFBC}") = "Oreo.CleverDog", "Oreo.Plugins\Oreo.CleverDog\Oreo.CleverDog.csproj", "{A7365B83-32FF-4B92-8C80-A450AC92007F}"
EndProject
Project("{FAE04EC0-301F-11D3-BF4B-00C04F79EFBC}") = "Oreo.FileMan", "Oreo.Plugins\Oreo.FileMan\Oreo.FileMan.csproj", "{44A1823B-EA31-4BAF-B264-0471C149D703}"
EndProject
Project("{FAE04EC0-301F-11D3-BF4B-00C04F79EFBC}") = "Oreo.NetMonitor", "Oreo.Plugins\Oreo.NetMonitor\Oreo.NetMonitor.csproj", "{62A9E0A6-2B00-4E44-8058-3611AF55280C}"
EndProject
Project("{FAE04EC0-301F-11D3-BF4B-00C04F79EFBC}") = "Oreo.PCMonitor", "Oreo.Plugins\Oreo.PCMonitor\Oreo.PCMonitor.csproj", "{270280EA-3CED-4BC5-A8E8-CACE17445F88}"
EndProject
Project("{FAE04EC0-301F-11D3-BF4B-00C04F79EFBC}") = "Waka.Lego", "Waka.Plugin\Waka.Lego\Waka.Lego.csproj", "{7ACB538D-2A75-4602-9422-1C5E72AB840A}"
EndProject
Project("{FAE04EC0-301F-11D3-BF4B-00C04F79EFBC}") = "Waka.Lego.Baidu", "Waka.Plugin\Waka.Lego.Baidu\Waka.Lego.Baidu.csproj", "{5BD7BF2A-5FFA-45CB-AA5D-25345C77D964}"
EndProject
Project("{FAE04EC0-301F-11D3-BF4B-00C04F79EFBC}") = "Waka.Lego.Icon", "Waka.Plugin\Waka.Lego.Icon\Waka.Lego.Icon.csproj", "{328B6806-CC39-4232-AE51-13AABF9A583B}"
EndProject
Project("{FAE04EC0-301F-11D3-BF4B-00C04F79EFBC}") = "Waka.Lego.Music", "Waka.Plugin\Waka.Lego.Music\Waka.Lego.Music.csproj", "{B4E47708-0D92-4308-B605-1B9657B308CF}"
EndProject
Project("{FAE04EC0-301F-11D3-BF4B-00C04F79EFBC}") = "Oreo.NetMan", "Oreo.Plugins\Oreo.NetMan\Oreo.NetMan.csproj", "{1CFB6D97-C430-4E27-85B6-A741AB9CDBBA}"
EndProject
Project("{FAE04EC0-301F-11D3-BF4B-00C04F79EFBC}") = "Oreo.VersionBuilder.Control", "Oreo.Plugins\Oreo.VersionBuilder.Control\Oreo.VersionBuilder.Control.csproj", "{D167CAD1-2E8B-40FF-A953-96008004BB76}"
EndProject
Project("{FAE04EC0-301F-11D3-BF4B-00C04F79EFBC}") = "Oreo.VersionUpdate.Control", "Oreo.Plugins\Oreo.VersionUpdate.Control\Oreo.VersionUpdate.Control.csproj", "{B48DFBE0-C3D0-4FE7-9F9F-1663FBFC7482}"
EndProject
Project("{FAE04EC0-301F-11D3-BF4B-00C04F79EFBC}") = "Y.Test", "Test\Y.Test\Y.Test.csproj", "{E1897235-0E04-420D-B6D5-29BEA14DA1FD}"
EndProject
Project("{FAE04EC0-301F-11D3-BF4B-00C04F79EFBC}") = "Oreo.FaultLog", "Oreo.Plugins\Oreo.FaultLog\Oreo.FaultLog.csproj", "{90C5C3EC-FE0F-46CA-9388-17E9C8AD7B6C}"
EndProject
Project("{FAE04EC0-301F-11D3-BF4B-00C04F79EFBC}") = "Oreo.BlueScreen", "Oreo.Plugins\Oreo.BlueScreen\Oreo.BlueScreen.csproj", "{FF40B0B8-4159-419A-9FE2-7FC095D912A6}"
EndProject
Project("{FAE04EC0-301F-11D3-BF4B-00C04F79EFBC}") = "Y.DB", "Fork.Net.Tools\Y.DB\Y.DB.csproj", "{3ECA2CC6-55C2-433F-A617-A7376E455F7C}"
EndProject
Project("{FAE04EC0-301F-11D3-BF4B-00C04F79EFBC}") = "Y.Skin", "Fork.Net.Tools\Y.Skin\Y.Skin.csproj", "{E9A97673-3E27-4A49-90BC-8806411A2F57}"
EndProject
Project("{FAE04EC0-301F-11D3-BF4B-00C04F79EFBC}") = "Y.Utils", "Fork.Net.Tools\Y.Utils\Y.Utils.csproj", "{5B8EEEC7-AEB5-407D-9DC1-1C59E53F78D5}"
EndProject
Project("{2150E333-8FDC-42A3-9474-1A3956D46DE8}") = "Azylee.Utils", "Azylee.Utils", "{C34A95B5-5F83-46E3-868A-56BDDA2D0B87}"
EndProject
Project("{FAE04EC0-301F-11D3-BF4B-00C04F79EFBC}") = "Azylee.Core", "Azylee.Utils\Azylee.Core\Azylee.Core.csproj", "{88DC61FA-95F0-41B7-9D7D-AB0F3CBD169C}"
EndProject
Project("{FAE04EC0-301F-11D3-BF4B-00C04F79EFBC}") = "Azylee.ExeLaunch", "Azylee.Utils\Azylee.ExeLaunch\Azylee.ExeLaunch.csproj", "{1AB11F85-BA96-4F82-8122-BB89E63FCCB1}"
EndProject
Project("{FAE04EC0-301F-11D3-BF4B-00C04F79EFBC}") = "AppSettle.Test", "Test\AppSettle.Test\AppSettle.Test.csproj", "{3C32DCA5-4E44-4701-A0C5-FA19272C128B}"
EndProject
Project("{FAE04EC0-301F-11D3-BF4B-00C04F79EFBC}") = "Version.Builder", "Fork.Net.Tools\Version.Builder\Version.Builder.csproj", "{10F1E19E-AEBA-4835-9A58-F02BEC46FF4B}"
EndProject
Project("{FAE04EC0-301F-11D3-BF4B-00C04F79EFBC}") = "Version.Update", "Fork.Net.Tools\Version.Update\Version.Update.csproj", "{0DFAC9FC-9D48-4DCF-AE72-8FB1CA70A06E}"
EndProject
Project("{FAE04EC0-301F-11D3-BF4B-00C04F79EFBC}") = "Oreo.FilePackage", "Oreo.Plugins\Oreo.FilePackage\Oreo.FilePackage.csproj", "{1500F997-4261-4999-A6F1-0EBB34E9854F}"
EndProject
Project("{FAE04EC0-301F-11D3-BF4B-00C04F79EFBC}") = "Azylee.YeahWeb", "Azylee.Utils\Azylee.YeahWeb\Azylee.YeahWeb.csproj", "{CCF7A654-B442-4DB1-BB3B-0F8014C3237F}"
EndProject
Project("{FAE04EC0-301F-11D3-BF4B-00C04F79EFBC}") = "Oreo.VersionPackage", "Oreo.Plugins\Oreo.VersionPackage\Oreo.VersionPackage.csproj", "{EE2AE6AE-500B-47F1-8798-7429F02E92D9}"
EndProject
Project("{FAE04EC0-301F-11D3-BF4B-00C04F79EFBC}") = "Azylee.WinformSkin", "Azylee.Utils\Azylee.WinformSkin\Azylee.WinformSkin.csproj", "{D280C16F-FDE2-4647-BD76-3514F673426D}"
EndProject
Project("{FAE04EC0-301F-11D3-BF4B-00C04F79EFBC}") = "Azylee.WinformMan", "Azylee.Utils\Azylee.WinformMan\Azylee.WinformMan.csproj", "{0783D6B7-A0E9-4E3B-B2E8-C72D318F99CE}"
EndProject
Project("{FAE04EC0-301F-11D3-BF4B-00C04F79EFBC}") = "Azylee.DB", "Azylee.Utils\Azylee.DB\Azylee.DB.csproj", "{EF587677-DC59-4C46-B1AB-92904CD3F187}"
EndProject
Project("{FAE04EC0-301F-11D3-BF4B-00C04F79EFBC}") = "Azylee.Update", "Azylee.Utils\Azylee.Update\Azylee.Update.csproj", "{76F92BAE-8C9C-42AA-85E8-51F2EA8A0C91}"
EndProject
Project("{FAE04EC0-301F-11D3-BF4B-00C04F79EFBC}") = "Azylee.Core.Plus", "Azylee.Utils\Azylee.Core.Plus\Azylee.Core.Plus.csproj", "{915AE524-7EFD-4ECC-B731-DE1D1F5558F0}"
EndProject
Project("{FAE04EC0-301F-11D3-BF4B-00C04F79EFBC}") = "Test.SystemSleep", "Test\Test.SystemSleep\Test.SystemSleep.csproj", "{3936BB3B-244D-4448-9B77-3A7CC0CFBE28}"
EndProject
Project("{FAE04EC0-301F-11D3-BF4B-00C04F79EFBC}") = "Test.BaiDuWebAPI", "Test\Test.BaiDuWebAPI\Test.BaiDuWebAPI.csproj", "{3AB4B914-CCD0-48C9-8106-75A8FE542ACC}"
EndProject
Global
	GlobalSection(SolutionConfigurationPlatforms) = preSolution
		Debug|Any CPU = Debug|Any CPU
		Debug|x86 = Debug|x86
		Release|Any CPU = Release|Any CPU
		Release|x86 = Release|x86
	EndGlobalSection
	GlobalSection(ProjectConfigurationPlatforms) = postSolution
		{A8EBC472-2AF6-41B1-B1A0-C4D28D165C02}.Debug|Any CPU.ActiveCfg = Debug|Any CPU
		{A8EBC472-2AF6-41B1-B1A0-C4D28D165C02}.Debug|Any CPU.Build.0 = Debug|Any CPU
		{A8EBC472-2AF6-41B1-B1A0-C4D28D165C02}.Debug|x86.ActiveCfg = Debug|Any CPU
		{A8EBC472-2AF6-41B1-B1A0-C4D28D165C02}.Debug|x86.Build.0 = Debug|Any CPU
		{A8EBC472-2AF6-41B1-B1A0-C4D28D165C02}.Release|Any CPU.ActiveCfg = Release|Any CPU
		{A8EBC472-2AF6-41B1-B1A0-C4D28D165C02}.Release|Any CPU.Build.0 = Release|Any CPU
		{A8EBC472-2AF6-41B1-B1A0-C4D28D165C02}.Release|x86.ActiveCfg = Release|Any CPU
		{A8EBC472-2AF6-41B1-B1A0-C4D28D165C02}.Release|x86.Build.0 = Release|Any CPU
		{A7365B83-32FF-4B92-8C80-A450AC92007F}.Debug|Any CPU.ActiveCfg = Debug|Any CPU
		{A7365B83-32FF-4B92-8C80-A450AC92007F}.Debug|Any CPU.Build.0 = Debug|Any CPU
		{A7365B83-32FF-4B92-8C80-A450AC92007F}.Debug|x86.ActiveCfg = Debug|Any CPU
		{A7365B83-32FF-4B92-8C80-A450AC92007F}.Debug|x86.Build.0 = Debug|Any CPU
		{A7365B83-32FF-4B92-8C80-A450AC92007F}.Release|Any CPU.ActiveCfg = Release|Any CPU
		{A7365B83-32FF-4B92-8C80-A450AC92007F}.Release|Any CPU.Build.0 = Release|Any CPU
		{A7365B83-32FF-4B92-8C80-A450AC92007F}.Release|x86.ActiveCfg = Release|Any CPU
		{A7365B83-32FF-4B92-8C80-A450AC92007F}.Release|x86.Build.0 = Release|Any CPU
		{44A1823B-EA31-4BAF-B264-0471C149D703}.Debug|Any CPU.ActiveCfg = Debug|Any CPU
		{44A1823B-EA31-4BAF-B264-0471C149D703}.Debug|Any CPU.Build.0 = Debug|Any CPU
		{44A1823B-EA31-4BAF-B264-0471C149D703}.Debug|x86.ActiveCfg = Debug|Any CPU
		{44A1823B-EA31-4BAF-B264-0471C149D703}.Debug|x86.Build.0 = Debug|Any CPU
		{44A1823B-EA31-4BAF-B264-0471C149D703}.Release|Any CPU.ActiveCfg = Release|Any CPU
		{44A1823B-EA31-4BAF-B264-0471C149D703}.Release|Any CPU.Build.0 = Release|Any CPU
		{44A1823B-EA31-4BAF-B264-0471C149D703}.Release|x86.ActiveCfg = Release|Any CPU
		{44A1823B-EA31-4BAF-B264-0471C149D703}.Release|x86.Build.0 = Release|Any CPU
		{62A9E0A6-2B00-4E44-8058-3611AF55280C}.Debug|Any CPU.ActiveCfg = Debug|Any CPU
		{62A9E0A6-2B00-4E44-8058-3611AF55280C}.Debug|Any CPU.Build.0 = Debug|Any CPU
		{62A9E0A6-2B00-4E44-8058-3611AF55280C}.Debug|x86.ActiveCfg = Debug|Any CPU
		{62A9E0A6-2B00-4E44-8058-3611AF55280C}.Debug|x86.Build.0 = Debug|Any CPU
		{62A9E0A6-2B00-4E44-8058-3611AF55280C}.Release|Any CPU.ActiveCfg = Release|Any CPU
		{62A9E0A6-2B00-4E44-8058-3611AF55280C}.Release|Any CPU.Build.0 = Release|Any CPU
		{62A9E0A6-2B00-4E44-8058-3611AF55280C}.Release|x86.ActiveCfg = Release|Any CPU
		{62A9E0A6-2B00-4E44-8058-3611AF55280C}.Release|x86.Build.0 = Release|Any CPU
		{270280EA-3CED-4BC5-A8E8-CACE17445F88}.Debug|Any CPU.ActiveCfg = Debug|Any CPU
		{270280EA-3CED-4BC5-A8E8-CACE17445F88}.Debug|Any CPU.Build.0 = Debug|Any CPU
		{270280EA-3CED-4BC5-A8E8-CACE17445F88}.Debug|x86.ActiveCfg = Debug|Any CPU
		{270280EA-3CED-4BC5-A8E8-CACE17445F88}.Debug|x86.Build.0 = Debug|Any CPU
		{270280EA-3CED-4BC5-A8E8-CACE17445F88}.Release|Any CPU.ActiveCfg = Release|Any CPU
		{270280EA-3CED-4BC5-A8E8-CACE17445F88}.Release|Any CPU.Build.0 = Release|Any CPU
		{270280EA-3CED-4BC5-A8E8-CACE17445F88}.Release|x86.ActiveCfg = Release|Any CPU
		{270280EA-3CED-4BC5-A8E8-CACE17445F88}.Release|x86.Build.0 = Release|Any CPU
		{7ACB538D-2A75-4602-9422-1C5E72AB840A}.Debug|Any CPU.ActiveCfg = Debug|Any CPU
		{7ACB538D-2A75-4602-9422-1C5E72AB840A}.Debug|Any CPU.Build.0 = Debug|Any CPU
		{7ACB538D-2A75-4602-9422-1C5E72AB840A}.Debug|x86.ActiveCfg = Debug|Any CPU
		{7ACB538D-2A75-4602-9422-1C5E72AB840A}.Debug|x86.Build.0 = Debug|Any CPU
		{7ACB538D-2A75-4602-9422-1C5E72AB840A}.Release|Any CPU.ActiveCfg = Release|Any CPU
		{7ACB538D-2A75-4602-9422-1C5E72AB840A}.Release|Any CPU.Build.0 = Release|Any CPU
		{7ACB538D-2A75-4602-9422-1C5E72AB840A}.Release|x86.ActiveCfg = Release|Any CPU
		{7ACB538D-2A75-4602-9422-1C5E72AB840A}.Release|x86.Build.0 = Release|Any CPU
		{5BD7BF2A-5FFA-45CB-AA5D-25345C77D964}.Debug|Any CPU.ActiveCfg = Debug|Any CPU
		{5BD7BF2A-5FFA-45CB-AA5D-25345C77D964}.Debug|Any CPU.Build.0 = Debug|Any CPU
		{5BD7BF2A-5FFA-45CB-AA5D-25345C77D964}.Debug|x86.ActiveCfg = Debug|Any CPU
		{5BD7BF2A-5FFA-45CB-AA5D-25345C77D964}.Debug|x86.Build.0 = Debug|Any CPU
		{5BD7BF2A-5FFA-45CB-AA5D-25345C77D964}.Release|Any CPU.ActiveCfg = Release|Any CPU
		{5BD7BF2A-5FFA-45CB-AA5D-25345C77D964}.Release|Any CPU.Build.0 = Release|Any CPU
		{5BD7BF2A-5FFA-45CB-AA5D-25345C77D964}.Release|x86.ActiveCfg = Release|Any CPU
		{5BD7BF2A-5FFA-45CB-AA5D-25345C77D964}.Release|x86.Build.0 = Release|Any CPU
		{328B6806-CC39-4232-AE51-13AABF9A583B}.Debug|Any CPU.ActiveCfg = Debug|Any CPU
		{328B6806-CC39-4232-AE51-13AABF9A583B}.Debug|Any CPU.Build.0 = Debug|Any CPU
		{328B6806-CC39-4232-AE51-13AABF9A583B}.Debug|x86.ActiveCfg = Debug|Any CPU
		{328B6806-CC39-4232-AE51-13AABF9A583B}.Debug|x86.Build.0 = Debug|Any CPU
		{328B6806-CC39-4232-AE51-13AABF9A583B}.Release|Any CPU.ActiveCfg = Release|Any CPU
		{328B6806-CC39-4232-AE51-13AABF9A583B}.Release|Any CPU.Build.0 = Release|Any CPU
		{328B6806-CC39-4232-AE51-13AABF9A583B}.Release|x86.ActiveCfg = Release|Any CPU
		{328B6806-CC39-4232-AE51-13AABF9A583B}.Release|x86.Build.0 = Release|Any CPU
		{B4E47708-0D92-4308-B605-1B9657B308CF}.Debug|Any CPU.ActiveCfg = Debug|Any CPU
		{B4E47708-0D92-4308-B605-1B9657B308CF}.Debug|Any CPU.Build.0 = Debug|Any CPU
		{B4E47708-0D92-4308-B605-1B9657B308CF}.Debug|x86.ActiveCfg = Debug|Any CPU
		{B4E47708-0D92-4308-B605-1B9657B308CF}.Debug|x86.Build.0 = Debug|Any CPU
		{B4E47708-0D92-4308-B605-1B9657B308CF}.Release|Any CPU.ActiveCfg = Release|Any CPU
		{B4E47708-0D92-4308-B605-1B9657B308CF}.Release|Any CPU.Build.0 = Release|Any CPU
		{B4E47708-0D92-4308-B605-1B9657B308CF}.Release|x86.ActiveCfg = Release|Any CPU
		{B4E47708-0D92-4308-B605-1B9657B308CF}.Release|x86.Build.0 = Release|Any CPU
		{1CFB6D97-C430-4E27-85B6-A741AB9CDBBA}.Debug|Any CPU.ActiveCfg = Debug|Any CPU
		{1CFB6D97-C430-4E27-85B6-A741AB9CDBBA}.Debug|Any CPU.Build.0 = Debug|Any CPU
		{1CFB6D97-C430-4E27-85B6-A741AB9CDBBA}.Debug|x86.ActiveCfg = Debug|Any CPU
		{1CFB6D97-C430-4E27-85B6-A741AB9CDBBA}.Debug|x86.Build.0 = Debug|Any CPU
		{1CFB6D97-C430-4E27-85B6-A741AB9CDBBA}.Release|Any CPU.ActiveCfg = Release|Any CPU
		{1CFB6D97-C430-4E27-85B6-A741AB9CDBBA}.Release|Any CPU.Build.0 = Release|Any CPU
		{1CFB6D97-C430-4E27-85B6-A741AB9CDBBA}.Release|x86.ActiveCfg = Release|Any CPU
		{1CFB6D97-C430-4E27-85B6-A741AB9CDBBA}.Release|x86.Build.0 = Release|Any CPU
		{D167CAD1-2E8B-40FF-A953-96008004BB76}.Debug|Any CPU.ActiveCfg = Debug|Any CPU
		{D167CAD1-2E8B-40FF-A953-96008004BB76}.Debug|Any CPU.Build.0 = Debug|Any CPU
		{D167CAD1-2E8B-40FF-A953-96008004BB76}.Debug|x86.ActiveCfg = Debug|Any CPU
		{D167CAD1-2E8B-40FF-A953-96008004BB76}.Debug|x86.Build.0 = Debug|Any CPU
		{D167CAD1-2E8B-40FF-A953-96008004BB76}.Release|Any CPU.ActiveCfg = Release|Any CPU
		{D167CAD1-2E8B-40FF-A953-96008004BB76}.Release|Any CPU.Build.0 = Release|Any CPU
		{D167CAD1-2E8B-40FF-A953-96008004BB76}.Release|x86.ActiveCfg = Release|Any CPU
		{D167CAD1-2E8B-40FF-A953-96008004BB76}.Release|x86.Build.0 = Release|Any CPU
		{B48DFBE0-C3D0-4FE7-9F9F-1663FBFC7482}.Debug|Any CPU.ActiveCfg = Debug|Any CPU
		{B48DFBE0-C3D0-4FE7-9F9F-1663FBFC7482}.Debug|Any CPU.Build.0 = Debug|Any CPU
		{B48DFBE0-C3D0-4FE7-9F9F-1663FBFC7482}.Debug|x86.ActiveCfg = Debug|Any CPU
		{B48DFBE0-C3D0-4FE7-9F9F-1663FBFC7482}.Debug|x86.Build.0 = Debug|Any CPU
		{B48DFBE0-C3D0-4FE7-9F9F-1663FBFC7482}.Release|Any CPU.ActiveCfg = Release|Any CPU
		{B48DFBE0-C3D0-4FE7-9F9F-1663FBFC7482}.Release|Any CPU.Build.0 = Release|Any CPU
		{B48DFBE0-C3D0-4FE7-9F9F-1663FBFC7482}.Release|x86.ActiveCfg = Release|Any CPU
		{B48DFBE0-C3D0-4FE7-9F9F-1663FBFC7482}.Release|x86.Build.0 = Release|Any CPU
		{E1897235-0E04-420D-B6D5-29BEA14DA1FD}.Debug|Any CPU.ActiveCfg = Debug|Any CPU
		{E1897235-0E04-420D-B6D5-29BEA14DA1FD}.Debug|Any CPU.Build.0 = Debug|Any CPU
		{E1897235-0E04-420D-B6D5-29BEA14DA1FD}.Debug|x86.ActiveCfg = Debug|Any CPU
		{E1897235-0E04-420D-B6D5-29BEA14DA1FD}.Debug|x86.Build.0 = Debug|Any CPU
		{E1897235-0E04-420D-B6D5-29BEA14DA1FD}.Release|Any CPU.ActiveCfg = Release|Any CPU
		{E1897235-0E04-420D-B6D5-29BEA14DA1FD}.Release|Any CPU.Build.0 = Release|Any CPU
		{E1897235-0E04-420D-B6D5-29BEA14DA1FD}.Release|x86.ActiveCfg = Release|Any CPU
		{E1897235-0E04-420D-B6D5-29BEA14DA1FD}.Release|x86.Build.0 = Release|Any CPU
		{90C5C3EC-FE0F-46CA-9388-17E9C8AD7B6C}.Debug|Any CPU.ActiveCfg = Debug|Any CPU
		{90C5C3EC-FE0F-46CA-9388-17E9C8AD7B6C}.Debug|Any CPU.Build.0 = Debug|Any CPU
		{90C5C3EC-FE0F-46CA-9388-17E9C8AD7B6C}.Debug|x86.ActiveCfg = Debug|Any CPU
		{90C5C3EC-FE0F-46CA-9388-17E9C8AD7B6C}.Debug|x86.Build.0 = Debug|Any CPU
		{90C5C3EC-FE0F-46CA-9388-17E9C8AD7B6C}.Release|Any CPU.ActiveCfg = Release|Any CPU
		{90C5C3EC-FE0F-46CA-9388-17E9C8AD7B6C}.Release|Any CPU.Build.0 = Release|Any CPU
		{90C5C3EC-FE0F-46CA-9388-17E9C8AD7B6C}.Release|x86.ActiveCfg = Release|Any CPU
		{90C5C3EC-FE0F-46CA-9388-17E9C8AD7B6C}.Release|x86.Build.0 = Release|Any CPU
		{FF40B0B8-4159-419A-9FE2-7FC095D912A6}.Debug|Any CPU.ActiveCfg = Debug|Any CPU
		{FF40B0B8-4159-419A-9FE2-7FC095D912A6}.Debug|Any CPU.Build.0 = Debug|Any CPU
		{FF40B0B8-4159-419A-9FE2-7FC095D912A6}.Debug|x86.ActiveCfg = Debug|Any CPU
		{FF40B0B8-4159-419A-9FE2-7FC095D912A6}.Debug|x86.Build.0 = Debug|Any CPU
		{FF40B0B8-4159-419A-9FE2-7FC095D912A6}.Release|Any CPU.ActiveCfg = Release|Any CPU
		{FF40B0B8-4159-419A-9FE2-7FC095D912A6}.Release|Any CPU.Build.0 = Release|Any CPU
		{FF40B0B8-4159-419A-9FE2-7FC095D912A6}.Release|x86.ActiveCfg = Release|Any CPU
		{FF40B0B8-4159-419A-9FE2-7FC095D912A6}.Release|x86.Build.0 = Release|Any CPU
		{3ECA2CC6-55C2-433F-A617-A7376E455F7C}.Debug|Any CPU.ActiveCfg = Debug|Any CPU
		{3ECA2CC6-55C2-433F-A617-A7376E455F7C}.Debug|Any CPU.Build.0 = Debug|Any CPU
		{3ECA2CC6-55C2-433F-A617-A7376E455F7C}.Debug|x86.ActiveCfg = Debug|Any CPU
		{3ECA2CC6-55C2-433F-A617-A7376E455F7C}.Debug|x86.Build.0 = Debug|Any CPU
		{3ECA2CC6-55C2-433F-A617-A7376E455F7C}.Release|Any CPU.ActiveCfg = Release|Any CPU
		{3ECA2CC6-55C2-433F-A617-A7376E455F7C}.Release|Any CPU.Build.0 = Release|Any CPU
		{3ECA2CC6-55C2-433F-A617-A7376E455F7C}.Release|x86.ActiveCfg = Release|Any CPU
		{3ECA2CC6-55C2-433F-A617-A7376E455F7C}.Release|x86.Build.0 = Release|Any CPU
		{E9A97673-3E27-4A49-90BC-8806411A2F57}.Debug|Any CPU.ActiveCfg = Debug|Any CPU
		{E9A97673-3E27-4A49-90BC-8806411A2F57}.Debug|Any CPU.Build.0 = Debug|Any CPU
		{E9A97673-3E27-4A49-90BC-8806411A2F57}.Debug|x86.ActiveCfg = Debug|Any CPU
		{E9A97673-3E27-4A49-90BC-8806411A2F57}.Debug|x86.Build.0 = Debug|Any CPU
		{E9A97673-3E27-4A49-90BC-8806411A2F57}.Release|Any CPU.ActiveCfg = Release|Any CPU
		{E9A97673-3E27-4A49-90BC-8806411A2F57}.Release|Any CPU.Build.0 = Release|Any CPU
		{E9A97673-3E27-4A49-90BC-8806411A2F57}.Release|x86.ActiveCfg = Release|Any CPU
		{E9A97673-3E27-4A49-90BC-8806411A2F57}.Release|x86.Build.0 = Release|Any CPU
		{5B8EEEC7-AEB5-407D-9DC1-1C59E53F78D5}.Debug|Any CPU.ActiveCfg = Debug|Any CPU
		{5B8EEEC7-AEB5-407D-9DC1-1C59E53F78D5}.Debug|Any CPU.Build.0 = Debug|Any CPU
		{5B8EEEC7-AEB5-407D-9DC1-1C59E53F78D5}.Debug|x86.ActiveCfg = Debug|Any CPU
		{5B8EEEC7-AEB5-407D-9DC1-1C59E53F78D5}.Debug|x86.Build.0 = Debug|Any CPU
		{5B8EEEC7-AEB5-407D-9DC1-1C59E53F78D5}.Release|Any CPU.ActiveCfg = Release|Any CPU
		{5B8EEEC7-AEB5-407D-9DC1-1C59E53F78D5}.Release|Any CPU.Build.0 = Release|Any CPU
		{5B8EEEC7-AEB5-407D-9DC1-1C59E53F78D5}.Release|x86.ActiveCfg = Release|Any CPU
		{5B8EEEC7-AEB5-407D-9DC1-1C59E53F78D5}.Release|x86.Build.0 = Release|Any CPU
		{88DC61FA-95F0-41B7-9D7D-AB0F3CBD169C}.Debug|Any CPU.ActiveCfg = Debug|Any CPU
		{88DC61FA-95F0-41B7-9D7D-AB0F3CBD169C}.Debug|Any CPU.Build.0 = Debug|Any CPU
		{88DC61FA-95F0-41B7-9D7D-AB0F3CBD169C}.Debug|x86.ActiveCfg = Debug|Any CPU
		{88DC61FA-95F0-41B7-9D7D-AB0F3CBD169C}.Debug|x86.Build.0 = Debug|Any CPU
		{88DC61FA-95F0-41B7-9D7D-AB0F3CBD169C}.Release|Any CPU.ActiveCfg = Release|Any CPU
		{88DC61FA-95F0-41B7-9D7D-AB0F3CBD169C}.Release|Any CPU.Build.0 = Release|Any CPU
		{88DC61FA-95F0-41B7-9D7D-AB0F3CBD169C}.Release|x86.ActiveCfg = Release|Any CPU
		{88DC61FA-95F0-41B7-9D7D-AB0F3CBD169C}.Release|x86.Build.0 = Release|Any CPU
		{1AB11F85-BA96-4F82-8122-BB89E63FCCB1}.Debug|Any CPU.ActiveCfg = Debug|Any CPU
		{1AB11F85-BA96-4F82-8122-BB89E63FCCB1}.Debug|Any CPU.Build.0 = Debug|Any CPU
		{1AB11F85-BA96-4F82-8122-BB89E63FCCB1}.Debug|x86.ActiveCfg = Debug|Any CPU
		{1AB11F85-BA96-4F82-8122-BB89E63FCCB1}.Debug|x86.Build.0 = Debug|Any CPU
		{1AB11F85-BA96-4F82-8122-BB89E63FCCB1}.Release|Any CPU.ActiveCfg = Release|Any CPU
		{1AB11F85-BA96-4F82-8122-BB89E63FCCB1}.Release|Any CPU.Build.0 = Release|Any CPU
		{1AB11F85-BA96-4F82-8122-BB89E63FCCB1}.Release|x86.ActiveCfg = Release|Any CPU
		{1AB11F85-BA96-4F82-8122-BB89E63FCCB1}.Release|x86.Build.0 = Release|Any CPU
		{3C32DCA5-4E44-4701-A0C5-FA19272C128B}.Debug|Any CPU.ActiveCfg = Debug|Any CPU
		{3C32DCA5-4E44-4701-A0C5-FA19272C128B}.Debug|Any CPU.Build.0 = Debug|Any CPU
		{3C32DCA5-4E44-4701-A0C5-FA19272C128B}.Debug|x86.ActiveCfg = Debug|Any CPU
		{3C32DCA5-4E44-4701-A0C5-FA19272C128B}.Debug|x86.Build.0 = Debug|Any CPU
		{3C32DCA5-4E44-4701-A0C5-FA19272C128B}.Release|Any CPU.ActiveCfg = Release|Any CPU
		{3C32DCA5-4E44-4701-A0C5-FA19272C128B}.Release|Any CPU.Build.0 = Release|Any CPU
		{3C32DCA5-4E44-4701-A0C5-FA19272C128B}.Release|x86.ActiveCfg = Release|Any CPU
		{3C32DCA5-4E44-4701-A0C5-FA19272C128B}.Release|x86.Build.0 = Release|Any CPU
		{10F1E19E-AEBA-4835-9A58-F02BEC46FF4B}.Debug|Any CPU.ActiveCfg = Debug|Any CPU
		{10F1E19E-AEBA-4835-9A58-F02BEC46FF4B}.Debug|Any CPU.Build.0 = Debug|Any CPU
		{10F1E19E-AEBA-4835-9A58-F02BEC46FF4B}.Debug|x86.ActiveCfg = Debug|Any CPU
		{10F1E19E-AEBA-4835-9A58-F02BEC46FF4B}.Debug|x86.Build.0 = Debug|Any CPU
		{10F1E19E-AEBA-4835-9A58-F02BEC46FF4B}.Release|Any CPU.ActiveCfg = Release|Any CPU
		{10F1E19E-AEBA-4835-9A58-F02BEC46FF4B}.Release|Any CPU.Build.0 = Release|Any CPU
		{10F1E19E-AEBA-4835-9A58-F02BEC46FF4B}.Release|x86.ActiveCfg = Release|Any CPU
		{10F1E19E-AEBA-4835-9A58-F02BEC46FF4B}.Release|x86.Build.0 = Release|Any CPU
		{0DFAC9FC-9D48-4DCF-AE72-8FB1CA70A06E}.Debug|Any CPU.ActiveCfg = Debug|Any CPU
		{0DFAC9FC-9D48-4DCF-AE72-8FB1CA70A06E}.Debug|Any CPU.Build.0 = Debug|Any CPU
		{0DFAC9FC-9D48-4DCF-AE72-8FB1CA70A06E}.Debug|x86.ActiveCfg = Debug|Any CPU
		{0DFAC9FC-9D48-4DCF-AE72-8FB1CA70A06E}.Debug|x86.Build.0 = Debug|Any CPU
		{0DFAC9FC-9D48-4DCF-AE72-8FB1CA70A06E}.Release|Any CPU.ActiveCfg = Release|Any CPU
		{0DFAC9FC-9D48-4DCF-AE72-8FB1CA70A06E}.Release|Any CPU.Build.0 = Release|Any CPU
		{0DFAC9FC-9D48-4DCF-AE72-8FB1CA70A06E}.Release|x86.ActiveCfg = Release|Any CPU
		{0DFAC9FC-9D48-4DCF-AE72-8FB1CA70A06E}.Release|x86.Build.0 = Release|Any CPU
		{1500F997-4261-4999-A6F1-0EBB34E9854F}.Debug|Any CPU.ActiveCfg = Debug|Any CPU
		{1500F997-4261-4999-A6F1-0EBB34E9854F}.Debug|Any CPU.Build.0 = Debug|Any CPU
		{1500F997-4261-4999-A6F1-0EBB34E9854F}.Debug|x86.ActiveCfg = Debug|Any CPU
		{1500F997-4261-4999-A6F1-0EBB34E9854F}.Debug|x86.Build.0 = Debug|Any CPU
		{1500F997-4261-4999-A6F1-0EBB34E9854F}.Release|Any CPU.ActiveCfg = Release|Any CPU
		{1500F997-4261-4999-A6F1-0EBB34E9854F}.Release|Any CPU.Build.0 = Release|Any CPU
		{1500F997-4261-4999-A6F1-0EBB34E9854F}.Release|x86.ActiveCfg = Release|Any CPU
		{1500F997-4261-4999-A6F1-0EBB34E9854F}.Release|x86.Build.0 = Release|Any CPU
		{CCF7A654-B442-4DB1-BB3B-0F8014C3237F}.Debug|Any CPU.ActiveCfg = Debug|Any CPU
		{CCF7A654-B442-4DB1-BB3B-0F8014C3237F}.Debug|Any CPU.Build.0 = Debug|Any CPU
		{CCF7A654-B442-4DB1-BB3B-0F8014C3237F}.Debug|x86.ActiveCfg = Debug|Any CPU
		{CCF7A654-B442-4DB1-BB3B-0F8014C3237F}.Debug|x86.Build.0 = Debug|Any CPU
		{CCF7A654-B442-4DB1-BB3B-0F8014C3237F}.Release|Any CPU.ActiveCfg = Release|Any CPU
		{CCF7A654-B442-4DB1-BB3B-0F8014C3237F}.Release|Any CPU.Build.0 = Release|Any CPU
		{CCF7A654-B442-4DB1-BB3B-0F8014C3237F}.Release|x86.ActiveCfg = Release|Any CPU
		{CCF7A654-B442-4DB1-BB3B-0F8014C3237F}.Release|x86.Build.0 = Release|Any CPU
		{EE2AE6AE-500B-47F1-8798-7429F02E92D9}.Debug|Any CPU.ActiveCfg = Debug|Any CPU
		{EE2AE6AE-500B-47F1-8798-7429F02E92D9}.Debug|Any CPU.Build.0 = Debug|Any CPU
		{EE2AE6AE-500B-47F1-8798-7429F02E92D9}.Debug|x86.ActiveCfg = Debug|Any CPU
		{EE2AE6AE-500B-47F1-8798-7429F02E92D9}.Debug|x86.Build.0 = Debug|Any CPU
		{EE2AE6AE-500B-47F1-8798-7429F02E92D9}.Release|Any CPU.ActiveCfg = Release|Any CPU
		{EE2AE6AE-500B-47F1-8798-7429F02E92D9}.Release|Any CPU.Build.0 = Release|Any CPU
		{EE2AE6AE-500B-47F1-8798-7429F02E92D9}.Release|x86.ActiveCfg = Release|Any CPU
		{EE2AE6AE-500B-47F1-8798-7429F02E92D9}.Release|x86.Build.0 = Release|Any CPU
		{D280C16F-FDE2-4647-BD76-3514F673426D}.Debug|Any CPU.ActiveCfg = Debug|Any CPU
		{D280C16F-FDE2-4647-BD76-3514F673426D}.Debug|Any CPU.Build.0 = Debug|Any CPU
		{D280C16F-FDE2-4647-BD76-3514F673426D}.Debug|x86.ActiveCfg = Debug|Any CPU
		{D280C16F-FDE2-4647-BD76-3514F673426D}.Debug|x86.Build.0 = Debug|Any CPU
		{D280C16F-FDE2-4647-BD76-3514F673426D}.Release|Any CPU.ActiveCfg = Release|Any CPU
		{D280C16F-FDE2-4647-BD76-3514F673426D}.Release|Any CPU.Build.0 = Release|Any CPU
		{D280C16F-FDE2-4647-BD76-3514F673426D}.Release|x86.ActiveCfg = Release|Any CPU
		{D280C16F-FDE2-4647-BD76-3514F673426D}.Release|x86.Build.0 = Release|Any CPU
		{0783D6B7-A0E9-4E3B-B2E8-C72D318F99CE}.Debug|Any CPU.ActiveCfg = Debug|Any CPU
		{0783D6B7-A0E9-4E3B-B2E8-C72D318F99CE}.Debug|Any CPU.Build.0 = Debug|Any CPU
		{0783D6B7-A0E9-4E3B-B2E8-C72D318F99CE}.Debug|x86.ActiveCfg = Debug|Any CPU
		{0783D6B7-A0E9-4E3B-B2E8-C72D318F99CE}.Debug|x86.Build.0 = Debug|Any CPU
		{0783D6B7-A0E9-4E3B-B2E8-C72D318F99CE}.Release|Any CPU.ActiveCfg = Release|Any CPU
		{0783D6B7-A0E9-4E3B-B2E8-C72D318F99CE}.Release|Any CPU.Build.0 = Release|Any CPU
		{0783D6B7-A0E9-4E3B-B2E8-C72D318F99CE}.Release|x86.ActiveCfg = Release|Any CPU
		{0783D6B7-A0E9-4E3B-B2E8-C72D318F99CE}.Release|x86.Build.0 = Release|Any CPU
		{EF587677-DC59-4C46-B1AB-92904CD3F187}.Debug|Any CPU.ActiveCfg = Debug|Any CPU
		{EF587677-DC59-4C46-B1AB-92904CD3F187}.Debug|Any CPU.Build.0 = Debug|Any CPU
		{EF587677-DC59-4C46-B1AB-92904CD3F187}.Debug|x86.ActiveCfg = Debug|Any CPU
		{EF587677-DC59-4C46-B1AB-92904CD3F187}.Debug|x86.Build.0 = Debug|Any CPU
		{EF587677-DC59-4C46-B1AB-92904CD3F187}.Release|Any CPU.ActiveCfg = Release|Any CPU
		{EF587677-DC59-4C46-B1AB-92904CD3F187}.Release|Any CPU.Build.0 = Release|Any CPU
		{EF587677-DC59-4C46-B1AB-92904CD3F187}.Release|x86.ActiveCfg = Release|Any CPU
		{EF587677-DC59-4C46-B1AB-92904CD3F187}.Release|x86.Build.0 = Release|Any CPU
		{76F92BAE-8C9C-42AA-85E8-51F2EA8A0C91}.Debug|Any CPU.ActiveCfg = Debug|Any CPU
		{76F92BAE-8C9C-42AA-85E8-51F2EA8A0C91}.Debug|Any CPU.Build.0 = Debug|Any CPU
		{76F92BAE-8C9C-42AA-85E8-51F2EA8A0C91}.Debug|x86.ActiveCfg = Debug|Any CPU
		{76F92BAE-8C9C-42AA-85E8-51F2EA8A0C91}.Debug|x86.Build.0 = Debug|Any CPU
		{76F92BAE-8C9C-42AA-85E8-51F2EA8A0C91}.Release|Any CPU.ActiveCfg = Release|Any CPU
		{76F92BAE-8C9C-42AA-85E8-51F2EA8A0C91}.Release|Any CPU.Build.0 = Release|Any CPU
		{76F92BAE-8C9C-42AA-85E8-51F2EA8A0C91}.Release|x86.ActiveCfg = Release|Any CPU
		{76F92BAE-8C9C-42AA-85E8-51F2EA8A0C91}.Release|x86.Build.0 = Release|Any CPU
		{915AE524-7EFD-4ECC-B731-DE1D1F5558F0}.Debug|Any CPU.ActiveCfg = Debug|Any CPU
		{915AE524-7EFD-4ECC-B731-DE1D1F5558F0}.Debug|Any CPU.Build.0 = Debug|Any CPU
		{915AE524-7EFD-4ECC-B731-DE1D1F5558F0}.Debug|x86.ActiveCfg = Debug|Any CPU
		{915AE524-7EFD-4ECC-B731-DE1D1F5558F0}.Debug|x86.Build.0 = Debug|Any CPU
		{915AE524-7EFD-4ECC-B731-DE1D1F5558F0}.Release|Any CPU.ActiveCfg = Release|Any CPU
		{915AE524-7EFD-4ECC-B731-DE1D1F5558F0}.Release|Any CPU.Build.0 = Release|Any CPU
		{915AE524-7EFD-4ECC-B731-DE1D1F5558F0}.Release|x86.ActiveCfg = Release|Any CPU
		{915AE524-7EFD-4ECC-B731-DE1D1F5558F0}.Release|x86.Build.0 = Release|Any CPU
		{3936BB3B-244D-4448-9B77-3A7CC0CFBE28}.Debug|Any CPU.ActiveCfg = Debug|Any CPU
		{3936BB3B-244D-4448-9B77-3A7CC0CFBE28}.Debug|Any CPU.Build.0 = Debug|Any CPU
		{3936BB3B-244D-4448-9B77-3A7CC0CFBE28}.Debug|x86.ActiveCfg = Debug|Any CPU
		{3936BB3B-244D-4448-9B77-3A7CC0CFBE28}.Debug|x86.Build.0 = Debug|Any CPU
		{3936BB3B-244D-4448-9B77-3A7CC0CFBE28}.Release|Any CPU.ActiveCfg = Release|Any CPU
		{3936BB3B-244D-4448-9B77-3A7CC0CFBE28}.Release|Any CPU.Build.0 = Release|Any CPU
		{3936BB3B-244D-4448-9B77-3A7CC0CFBE28}.Release|x86.ActiveCfg = Release|Any CPU
		{3936BB3B-244D-4448-9B77-3A7CC0CFBE28}.Release|x86.Build.0 = Release|Any CPU
		{3AB4B914-CCD0-48C9-8106-75A8FE542ACC}.Debug|Any CPU.ActiveCfg = Debug|Any CPU
		{3AB4B914-CCD0-48C9-8106-75A8FE542ACC}.Debug|Any CPU.Build.0 = Debug|Any CPU
		{3AB4B914-CCD0-48C9-8106-75A8FE542ACC}.Debug|x86.ActiveCfg = Debug|Any CPU
		{3AB4B914-CCD0-48C9-8106-75A8FE542ACC}.Debug|x86.Build.0 = Debug|Any CPU
		{3AB4B914-CCD0-48C9-8106-75A8FE542ACC}.Release|Any CPU.ActiveCfg = Release|Any CPU
		{3AB4B914-CCD0-48C9-8106-75A8FE542ACC}.Release|Any CPU.Build.0 = Release|Any CPU
		{3AB4B914-CCD0-48C9-8106-75A8FE542ACC}.Release|x86.ActiveCfg = Release|Any CPU
		{3AB4B914-CCD0-48C9-8106-75A8FE542ACC}.Release|x86.Build.0 = Release|Any CPU
	EndGlobalSection
	GlobalSection(SolutionProperties) = preSolution
		HideSolutionNode = FALSE
	EndGlobalSection
	GlobalSection(NestedProjects) = preSolution
		{A7365B83-32FF-4B92-8C80-A450AC92007F} = {E53B3662-A5FD-4D4C-AFF6-1DC9FF24EA16}
		{44A1823B-EA31-4BAF-B264-0471C149D703} = {E53B3662-A5FD-4D4C-AFF6-1DC9FF24EA16}
		{62A9E0A6-2B00-4E44-8058-3611AF55280C} = {E53B3662-A5FD-4D4C-AFF6-1DC9FF24EA16}
		{270280EA-3CED-4BC5-A8E8-CACE17445F88} = {E53B3662-A5FD-4D4C-AFF6-1DC9FF24EA16}
		{7ACB538D-2A75-4602-9422-1C5E72AB840A} = {0DB08A6B-6960-48CD-B23B-6428F47FDA60}
		{5BD7BF2A-5FFA-45CB-AA5D-25345C77D964} = {0DB08A6B-6960-48CD-B23B-6428F47FDA60}
		{328B6806-CC39-4232-AE51-13AABF9A583B} = {0DB08A6B-6960-48CD-B23B-6428F47FDA60}
		{B4E47708-0D92-4308-B605-1B9657B308CF} = {0DB08A6B-6960-48CD-B23B-6428F47FDA60}
		{1CFB6D97-C430-4E27-85B6-A741AB9CDBBA} = {E53B3662-A5FD-4D4C-AFF6-1DC9FF24EA16}
		{D167CAD1-2E8B-40FF-A953-96008004BB76} = {E53B3662-A5FD-4D4C-AFF6-1DC9FF24EA16}
		{B48DFBE0-C3D0-4FE7-9F9F-1663FBFC7482} = {E53B3662-A5FD-4D4C-AFF6-1DC9FF24EA16}
		{E1897235-0E04-420D-B6D5-29BEA14DA1FD} = {A89FC45A-A907-4487-8719-114530A62684}
		{90C5C3EC-FE0F-46CA-9388-17E9C8AD7B6C} = {E53B3662-A5FD-4D4C-AFF6-1DC9FF24EA16}
		{FF40B0B8-4159-419A-9FE2-7FC095D912A6} = {E53B3662-A5FD-4D4C-AFF6-1DC9FF24EA16}
		{3ECA2CC6-55C2-433F-A617-A7376E455F7C} = {F222E566-DA0C-443C-BB9F-80536F02DB36}
		{E9A97673-3E27-4A49-90BC-8806411A2F57} = {F222E566-DA0C-443C-BB9F-80536F02DB36}
		{5B8EEEC7-AEB5-407D-9DC1-1C59E53F78D5} = {F222E566-DA0C-443C-BB9F-80536F02DB36}
		{88DC61FA-95F0-41B7-9D7D-AB0F3CBD169C} = {C34A95B5-5F83-46E3-868A-56BDDA2D0B87}
		{1AB11F85-BA96-4F82-8122-BB89E63FCCB1} = {C34A95B5-5F83-46E3-868A-56BDDA2D0B87}
		{3C32DCA5-4E44-4701-A0C5-FA19272C128B} = {A89FC45A-A907-4487-8719-114530A62684}
		{10F1E19E-AEBA-4835-9A58-F02BEC46FF4B} = {F222E566-DA0C-443C-BB9F-80536F02DB36}
		{0DFAC9FC-9D48-4DCF-AE72-8FB1CA70A06E} = {F222E566-DA0C-443C-BB9F-80536F02DB36}
		{1500F997-4261-4999-A6F1-0EBB34E9854F} = {E53B3662-A5FD-4D4C-AFF6-1DC9FF24EA16}
		{CCF7A654-B442-4DB1-BB3B-0F8014C3237F} = {C34A95B5-5F83-46E3-868A-56BDDA2D0B87}
		{EE2AE6AE-500B-47F1-8798-7429F02E92D9} = {E53B3662-A5FD-4D4C-AFF6-1DC9FF24EA16}
		{D280C16F-FDE2-4647-BD76-3514F673426D} = {C34A95B5-5F83-46E3-868A-56BDDA2D0B87}
		{0783D6B7-A0E9-4E3B-B2E8-C72D318F99CE} = {C34A95B5-5F83-46E3-868A-56BDDA2D0B87}
		{EF587677-DC59-4C46-B1AB-92904CD3F187} = {C34A95B5-5F83-46E3-868A-56BDDA2D0B87}
		{76F92BAE-8C9C-42AA-85E8-51F2EA8A0C91} = {C34A95B5-5F83-46E3-868A-56BDDA2D0B87}
		{915AE524-7EFD-4ECC-B731-DE1D1F5558F0} = {C34A95B5-5F83-46E3-868A-56BDDA2D0B87}
		{3936BB3B-244D-4448-9B77-3A7CC0CFBE28} = {A89FC45A-A907-4487-8719-114530A62684}
		{3AB4B914-CCD0-48C9-8106-75A8FE542ACC} = {A89FC45A-A907-4487-8719-114530A62684}
	EndGlobalSection
	GlobalSection(ExtensibilityGlobals) = postSolution
		SolutionGuid = {5436696D-5F55-490A-AB40-050B54BE2AB4}
	EndGlobalSection
EndGlobal
