
Microsoft Visual Studio Solution File, Format Version 12.00
# Visual Studio 15
VisualStudioVersion = 15.0.27004.2005
MinimumVisualStudioVersion = 10.0.40219.1
Project("{FAE04EC0-301F-11D3-BF4B-00C04F79EFBC}") = "Fork.Net", "Fork.Net\Fork.Net.csproj", "{A8EBC472-2AF6-41B1-B1A0-C4D28D165C02}"
EndProject
Project("{2150E333-8FDC-42A3-9474-1A3956D46DE8}") = "Fork.Net.Tools", "Fork.Net.Tools", "{F222E566-DA0C-443C-BB9F-80536F02DB36}"
EndProject
Project("{FAE04EC0-301F-11D3-BF4B-00C04F79EFBC}") = "Y.DB", "Fork.Net.Tools\Y.DB\Y.DB.csproj", "{3ECA2CC6-55C2-433F-A617-A7376E455F7C}"
EndProject
Project("{FAE04EC0-301F-11D3-BF4B-00C04F79EFBC}") = "Y.Skin", "Fork.Net.Tools\Y.Skin\Y.Skin.csproj", "{E9A97673-3E27-4A49-90BC-8806411A2F57}"
EndProject
Project("{FAE04EC0-301F-11D3-BF4B-00C04F79EFBC}") = "Version.Builder", "Fork.Net.Tools\Version.Builder\Version.Builder.csproj", "{10F1E19E-AEBA-4835-9A58-F02BEC46FF4B}"
EndProject
Project("{FAE04EC0-301F-11D3-BF4B-00C04F79EFBC}") = "Version.Update", "Fork.Net.Tools\Version.Update\Version.Update.csproj", "{0DFAC9FC-9D48-4DCF-AE72-8FB1CA70A06E}"
EndProject
Global
	GlobalSection(SolutionConfigurationPlatforms) = preSolution
		Debug|Any CPU = Debug|Any CPU
		Debug|x86 = Debug|x86
		Release|Any CPU = Release|Any CPU
		Release|x86 = Release|x86
	EndGlobalSection
	GlobalSection(ProjectConfigurationPlatforms) = postSolution
		{A8EBC472-2AF6-41B1-B1A0-C4D28D165C02}.Debug|Any CPU.ActiveCfg = Debug|Any CPU
		{A8EBC472-2AF6-41B1-B1A0-C4D28D165C02}.Debug|Any CPU.Build.0 = Debug|Any CPU
		{A8EBC472-2AF6-41B1-B1A0-C4D28D165C02}.Debug|x86.ActiveCfg = Debug|Any CPU
		{A8EBC472-2AF6-41B1-B1A0-C4D28D165C02}.Debug|x86.Build.0 = Debug|Any CPU
		{A8EBC472-2AF6-41B1-B1A0-C4D28D165C02}.Release|Any CPU.ActiveCfg = Release|Any CPU
		{A8EBC472-2AF6-41B1-B1A0-C4D28D165C02}.Release|Any CPU.Build.0 = Release|Any CPU
		{A8EBC472-2AF6-41B1-B1A0-C4D28D165C02}.Release|x86.ActiveCfg = Release|Any CPU
		{A8EBC472-2AF6-41B1-B1A0-C4D28D165C02}.Release|x86.Build.0 = Release|Any CPU
		{3ECA2CC6-55C2-433F-A617-A7376E455F7C}.Debug|Any CPU.ActiveCfg = Debug|Any CPU
		{3ECA2CC6-55C2-433F-A617-A7376E455F7C}.Debug|Any CPU.Build.0 = Debug|Any CPU
		{3ECA2CC6-55C2-433F-A617-A7376E455F7C}.Debug|x86.ActiveCfg = Debug|Any CPU
		{3ECA2CC6-55C2-433F-A617-A7376E455F7C}.Debug|x86.Build.0 = Debug|Any CPU
		{3ECA2CC6-55C2-433F-A617-A7376E455F7C}.Release|Any CPU.ActiveCfg = Release|Any CPU
		{3ECA2CC6-55C2-433F-A617-A7376E455F7C}.Release|Any CPU.Build.0 = Release|Any CPU
		{3ECA2CC6-55C2-433F-A617-A7376E455F7C}.Release|x86.ActiveCfg = Release|Any CPU
		{3ECA2CC6-55C2-433F-A617-A7376E455F7C}.Release|x86.Build.0 = Release|Any CPU
		{E9A97673-3E27-4A49-90BC-8806411A2F57}.Debug|Any CPU.ActiveCfg = Debug|Any CPU
		{E9A97673-3E27-4A49-90BC-8806411A2F57}.Debug|Any CPU.Build.0 = Debug|Any CPU
		{E9A97673-3E27-4A49-90BC-8806411A2F57}.Debug|x86.ActiveCfg = Debug|Any CPU
		{E9A97673-3E27-4A49-90BC-8806411A2F57}.Debug|x86.Build.0 = Debug|Any CPU
		{E9A97673-3E27-4A49-90BC-8806411A2F57}.Release|Any CPU.ActiveCfg = Release|Any CPU
		{E9A97673-3E27-4A49-90BC-8806411A2F57}.Release|Any CPU.Build.0 = Release|Any CPU
		{E9A97673-3E27-4A49-90BC-8806411A2F57}.Release|x86.ActiveCfg = Release|Any CPU
		{E9A97673-3E27-4A49-90BC-8806411A2F57}.Release|x86.Build.0 = Release|Any CPU
		{10F1E19E-AEBA-4835-9A58-F02BEC46FF4B}.Debug|Any CPU.ActiveCfg = Debug|Any CPU
		{10F1E19E-AEBA-4835-9A58-F02BEC46FF4B}.Debug|Any CPU.Build.0 = Debug|Any CPU
		{10F1E19E-AEBA-4835-9A58-F02BEC46FF4B}.Debug|x86.ActiveCfg = Debug|Any CPU
		{10F1E19E-AEBA-4835-9A58-F02BEC46FF4B}.Debug|x86.Build.0 = Debug|Any CPU
		{10F1E19E-AEBA-4835-9A58-F02BEC46FF4B}.Release|Any CPU.ActiveCfg = Release|Any CPU
		{10F1E19E-AEBA-4835-9A58-F02BEC46FF4B}.Release|Any CPU.Build.0 = Release|Any CPU
		{10F1E19E-AEBA-4835-9A58-F02BEC46FF4B}.Release|x86.ActiveCfg = Release|Any CPU
		{10F1E19E-AEBA-4835-9A58-F02BEC46FF4B}.Release|x86.Build.0 = Release|Any CPU
		{0DFAC9FC-9D48-4DCF-AE72-8FB1CA70A06E}.Debug|Any CPU.ActiveCfg = Debug|Any CPU
		{0DFAC9FC-9D48-4DCF-AE72-8FB1CA70A06E}.Debug|Any CPU.Build.0 = Debug|Any CPU
		{0DFAC9FC-9D48-4DCF-AE72-8FB1CA70A06E}.Debug|x86.ActiveCfg = Debug|Any CPU
		{0DFAC9FC-9D48-4DCF-AE72-8FB1CA70A06E}.Debug|x86.Build.0 = Debug|Any CPU
		{0DFAC9FC-9D48-4DCF-AE72-8FB1CA70A06E}.Release|Any CPU.ActiveCfg = Release|Any CPU
		{0DFAC9FC-9D48-4DCF-AE72-8FB1CA70A06E}.Release|Any CPU.Build.0 = Release|Any CPU
		{0DFAC9FC-9D48-4DCF-AE72-8FB1CA70A06E}.Release|x86.ActiveCfg = Release|Any CPU
		{0DFAC9FC-9D48-4DCF-AE72-8FB1CA70A06E}.Release|x86.Build.0 = Release|Any CPU
	EndGlobalSection
	GlobalSection(SolutionProperties) = preSolution
		HideSolutionNode = FALSE
	EndGlobalSection
	GlobalSection(NestedProjects) = preSolution
		{3ECA2CC6-55C2-433F-A617-A7376E455F7C} = {F222E566-DA0C-443C-BB9F-80536F02DB36}
		{E9A97673-3E27-4A49-90BC-8806411A2F57} = {F222E566-DA0C-443C-BB9F-80536F02DB36}
		{10F1E19E-AEBA-4835-9A58-F02BEC46FF4B} = {F222E566-DA0C-443C-BB9F-80536F02DB36}
		{0DFAC9FC-9D48-4DCF-AE72-8FB1CA70A06E} = {F222E566-DA0C-443C-BB9F-80536F02DB36}
	EndGlobalSection
	GlobalSection(ExtensibilityGlobals) = postSolution
		SolutionGuid = {5436696D-5F55-490A-AB40-050B54BE2AB4}
	EndGlobalSection
EndGlobal
