
Microsoft Visual Studio Solution File, Format Version 12.00
# Visual Studio 14
VisualStudioVersion = 14.0.25420.1
MinimumVisualStudioVersion = 10.0.40219.1
Project("{FAE04EC0-301F-11D3-BF4B-00C04F79EFBC}") = "Fork.Net", "Fork.Net\Fork.Net.csproj", "{A8EBC472-2AF6-41B1-B1A0-C4D28D165C02}"
EndProject
Project("{FAE04EC0-301F-11D3-BF4B-00C04F79EFBC}") = "Y.Utils", "Y.Utils\Y.Utils.csproj", "{5B8EEEC7-AEB5-407D-9DC1-1C59E53F78D5}"
EndProject
Project("{FAE04EC0-301F-11D3-BF4B-00C04F79EFBC}") = "Y.Controls", "Y.Controls\Y.Controls.csproj", "{E10EC8D2-22E2-4387-9D9B-36A5429B67C1}"
EndProject
Project("{FAE04EC0-301F-11D3-BF4B-00C04F79EFBC}") = "Y.Skin", "Y.Skin\Y.Skin.csproj", "{E9A97673-3E27-4A49-90BC-8806411A2F57}"
EndProject
Project("{FAE04EC0-301F-11D3-BF4B-00C04F79EFBC}") = "Y.Test", "Y.Test\Y.Test.csproj", "{E1897235-0E04-420D-B6D5-29BEA14DA1FD}"
EndProject
Project("{2150E333-8FDC-42A3-9474-1A3956D46DE8}") = "Winform.Version", "Winform.Version", "{F32378B4-3DDB-491A-8485-20634188C0FD}"
EndProject
Project("{FAE04EC0-301F-11D3-BF4B-00C04F79EFBC}") = "Version.Builder", "Version.Builder\Version.Builder.csproj", "{10F1E19E-AEBA-4835-9A58-F02BEC46FF4B}"
EndProject
Project("{FAE04EC0-301F-11D3-BF4B-00C04F79EFBC}") = "Version.Update", "Version.Update\Version.Update.csproj", "{0DFAC9FC-9D48-4DCF-AE72-8FB1CA70A06E}"
EndProject
Project("{2150E333-8FDC-42A3-9474-1A3956D46DE8}") = "Fork.Net.Tools", "Fork.Net.Tools", "{F222E566-DA0C-443C-BB9F-80536F02DB36}"
EndProject
Project("{FAE04EC0-301F-11D3-BF4B-00C04F79EFBC}") = "Y.Utils.Net20", "Y.Utils.Net20\Y.Utils.Net20.csproj", "{EE89927C-03A6-4E57-B69A-DE71B101FCA7}"
EndProject
Project("{2150E333-8FDC-42A3-9474-1A3956D46DE8}") = "Fork.Net.Skin", "Fork.Net.Skin", "{BF970206-CAA8-46C3-9F1A-46BB82D51DC4}"
EndProject
Project("{FAE04EC0-301F-11D3-BF4B-00C04F79EFBC}") = "Y.Controls.Net20", "Y.Controls.Net20\Y.Controls.Net20.csproj", "{490E9BE8-814D-4617-8271-41A73C373F7D}"
EndProject
Project("{FAE04EC0-301F-11D3-BF4B-00C04F79EFBC}") = "Y.DB", "Y.DB\Y.DB.csproj", "{3ECA2CC6-55C2-433F-A617-A7376E455F7C}"
EndProject
Project("{2150E333-8FDC-42A3-9474-1A3956D46DE8}") = "Fork.Net.Test", "Fork.Net.Test", "{C799B325-3EE8-447B-ACFE-9BA8D157A2CE}"
EndProject
Project("{2150E333-8FDC-42A3-9474-1A3956D46DE8}") = "Fork.Net.Tank", "Fork.Net.Tank", "{0DB08A6B-6960-48CD-B23B-6428F47FDA60}"
EndProject
Project("{FAE04EC0-301F-11D3-BF4B-00C04F79EFBC}") = "Waka.Lego", "Waka.Lego\Waka.Lego.csproj", "{7ACB538D-2A75-4602-9422-1C5E72AB840A}"
EndProject
Project("{FAE04EC0-301F-11D3-BF4B-00C04F79EFBC}") = "Waka.Lego.FileTool", "Waka.Lego.FileTool\Waka.Lego.FileTool.csproj", "{80ACACA8-C503-478D-817E-D3521F1B07F9}"
EndProject
Project("{FAE04EC0-301F-11D3-BF4B-00C04F79EFBC}") = "Waka.Lego.ImageTool", "Waka.Lego.ImageTool\Waka.Lego.ImageTool.csproj", "{165C57B8-6D07-4EFA-8697-3C43F7A5E112}"
EndProject
Project("{FAE04EC0-301F-11D3-BF4B-00C04F79EFBC}") = "Waka.Lego.Model", "Waka.Lego.Model\Waka.Lego.Model.csproj", "{EB115E0B-90E8-4F6C-AE34-0676AA336271}"
EndProject
Global
	GlobalSection(SolutionConfigurationPlatforms) = preSolution
		Debug|Any CPU = Debug|Any CPU
		Release|Any CPU = Release|Any CPU
	EndGlobalSection
	GlobalSection(ProjectConfigurationPlatforms) = postSolution
		{A8EBC472-2AF6-41B1-B1A0-C4D28D165C02}.Debug|Any CPU.ActiveCfg = Debug|Any CPU
		{A8EBC472-2AF6-41B1-B1A0-C4D28D165C02}.Debug|Any CPU.Build.0 = Debug|Any CPU
		{A8EBC472-2AF6-41B1-B1A0-C4D28D165C02}.Release|Any CPU.ActiveCfg = Release|Any CPU
		{A8EBC472-2AF6-41B1-B1A0-C4D28D165C02}.Release|Any CPU.Build.0 = Release|Any CPU
		{5B8EEEC7-AEB5-407D-9DC1-1C59E53F78D5}.Debug|Any CPU.ActiveCfg = Debug|Any CPU
		{5B8EEEC7-AEB5-407D-9DC1-1C59E53F78D5}.Debug|Any CPU.Build.0 = Debug|Any CPU
		{5B8EEEC7-AEB5-407D-9DC1-1C59E53F78D5}.Release|Any CPU.ActiveCfg = Release|Any CPU
		{5B8EEEC7-AEB5-407D-9DC1-1C59E53F78D5}.Release|Any CPU.Build.0 = Release|Any CPU
		{E10EC8D2-22E2-4387-9D9B-36A5429B67C1}.Debug|Any CPU.ActiveCfg = Debug|Any CPU
		{E10EC8D2-22E2-4387-9D9B-36A5429B67C1}.Debug|Any CPU.Build.0 = Debug|Any CPU
		{E10EC8D2-22E2-4387-9D9B-36A5429B67C1}.Release|Any CPU.ActiveCfg = Release|Any CPU
		{E10EC8D2-22E2-4387-9D9B-36A5429B67C1}.Release|Any CPU.Build.0 = Release|Any CPU
		{E9A97673-3E27-4A49-90BC-8806411A2F57}.Debug|Any CPU.ActiveCfg = Debug|Any CPU
		{E9A97673-3E27-4A49-90BC-8806411A2F57}.Debug|Any CPU.Build.0 = Debug|Any CPU
		{E9A97673-3E27-4A49-90BC-8806411A2F57}.Release|Any CPU.ActiveCfg = Release|Any CPU
		{E9A97673-3E27-4A49-90BC-8806411A2F57}.Release|Any CPU.Build.0 = Release|Any CPU
		{E1897235-0E04-420D-B6D5-29BEA14DA1FD}.Debug|Any CPU.ActiveCfg = Debug|Any CPU
		{E1897235-0E04-420D-B6D5-29BEA14DA1FD}.Debug|Any CPU.Build.0 = Debug|Any CPU
		{E1897235-0E04-420D-B6D5-29BEA14DA1FD}.Release|Any CPU.ActiveCfg = Release|Any CPU
		{E1897235-0E04-420D-B6D5-29BEA14DA1FD}.Release|Any CPU.Build.0 = Release|Any CPU
		{10F1E19E-AEBA-4835-9A58-F02BEC46FF4B}.Debug|Any CPU.ActiveCfg = Debug|Any CPU
		{10F1E19E-AEBA-4835-9A58-F02BEC46FF4B}.Debug|Any CPU.Build.0 = Debug|Any CPU
		{10F1E19E-AEBA-4835-9A58-F02BEC46FF4B}.Release|Any CPU.ActiveCfg = Release|Any CPU
		{10F1E19E-AEBA-4835-9A58-F02BEC46FF4B}.Release|Any CPU.Build.0 = Release|Any CPU
		{0DFAC9FC-9D48-4DCF-AE72-8FB1CA70A06E}.Debug|Any CPU.ActiveCfg = Debug|Any CPU
		{0DFAC9FC-9D48-4DCF-AE72-8FB1CA70A06E}.Debug|Any CPU.Build.0 = Debug|Any CPU
		{0DFAC9FC-9D48-4DCF-AE72-8FB1CA70A06E}.Release|Any CPU.ActiveCfg = Release|Any CPU
		{0DFAC9FC-9D48-4DCF-AE72-8FB1CA70A06E}.Release|Any CPU.Build.0 = Release|Any CPU
		{EE89927C-03A6-4E57-B69A-DE71B101FCA7}.Debug|Any CPU.ActiveCfg = Debug|Any CPU
		{EE89927C-03A6-4E57-B69A-DE71B101FCA7}.Debug|Any CPU.Build.0 = Debug|Any CPU
		{EE89927C-03A6-4E57-B69A-DE71B101FCA7}.Release|Any CPU.ActiveCfg = Release|Any CPU
		{EE89927C-03A6-4E57-B69A-DE71B101FCA7}.Release|Any CPU.Build.0 = Release|Any CPU
		{490E9BE8-814D-4617-8271-41A73C373F7D}.Debug|Any CPU.ActiveCfg = Debug|Any CPU
		{490E9BE8-814D-4617-8271-41A73C373F7D}.Debug|Any CPU.Build.0 = Debug|Any CPU
		{490E9BE8-814D-4617-8271-41A73C373F7D}.Release|Any CPU.ActiveCfg = Release|Any CPU
		{490E9BE8-814D-4617-8271-41A73C373F7D}.Release|Any CPU.Build.0 = Release|Any CPU
		{3ECA2CC6-55C2-433F-A617-A7376E455F7C}.Debug|Any CPU.ActiveCfg = Debug|Any CPU
		{3ECA2CC6-55C2-433F-A617-A7376E455F7C}.Debug|Any CPU.Build.0 = Debug|Any CPU
		{3ECA2CC6-55C2-433F-A617-A7376E455F7C}.Release|Any CPU.ActiveCfg = Release|Any CPU
		{3ECA2CC6-55C2-433F-A617-A7376E455F7C}.Release|Any CPU.Build.0 = Release|Any CPU
		{7ACB538D-2A75-4602-9422-1C5E72AB840A}.Debug|Any CPU.ActiveCfg = Debug|Any CPU
		{7ACB538D-2A75-4602-9422-1C5E72AB840A}.Debug|Any CPU.Build.0 = Debug|Any CPU
		{7ACB538D-2A75-4602-9422-1C5E72AB840A}.Release|Any CPU.ActiveCfg = Release|Any CPU
		{7ACB538D-2A75-4602-9422-1C5E72AB840A}.Release|Any CPU.Build.0 = Release|Any CPU
		{80ACACA8-C503-478D-817E-D3521F1B07F9}.Debug|Any CPU.ActiveCfg = Debug|Any CPU
		{80ACACA8-C503-478D-817E-D3521F1B07F9}.Debug|Any CPU.Build.0 = Debug|Any CPU
		{80ACACA8-C503-478D-817E-D3521F1B07F9}.Release|Any CPU.ActiveCfg = Release|Any CPU
		{80ACACA8-C503-478D-817E-D3521F1B07F9}.Release|Any CPU.Build.0 = Release|Any CPU
		{165C57B8-6D07-4EFA-8697-3C43F7A5E112}.Debug|Any CPU.ActiveCfg = Debug|Any CPU
		{165C57B8-6D07-4EFA-8697-3C43F7A5E112}.Debug|Any CPU.Build.0 = Debug|Any CPU
		{165C57B8-6D07-4EFA-8697-3C43F7A5E112}.Release|Any CPU.ActiveCfg = Release|Any CPU
		{165C57B8-6D07-4EFA-8697-3C43F7A5E112}.Release|Any CPU.Build.0 = Release|Any CPU
		{EB115E0B-90E8-4F6C-AE34-0676AA336271}.Debug|Any CPU.ActiveCfg = Debug|Any CPU
		{EB115E0B-90E8-4F6C-AE34-0676AA336271}.Debug|Any CPU.Build.0 = Debug|Any CPU
		{EB115E0B-90E8-4F6C-AE34-0676AA336271}.Release|Any CPU.ActiveCfg = Release|Any CPU
		{EB115E0B-90E8-4F6C-AE34-0676AA336271}.Release|Any CPU.Build.0 = Release|Any CPU
	EndGlobalSection
	GlobalSection(SolutionProperties) = preSolution
		HideSolutionNode = FALSE
	EndGlobalSection
	GlobalSection(NestedProjects) = preSolution
		{5B8EEEC7-AEB5-407D-9DC1-1C59E53F78D5} = {F222E566-DA0C-443C-BB9F-80536F02DB36}
		{E10EC8D2-22E2-4387-9D9B-36A5429B67C1} = {BF970206-CAA8-46C3-9F1A-46BB82D51DC4}
		{E9A97673-3E27-4A49-90BC-8806411A2F57} = {BF970206-CAA8-46C3-9F1A-46BB82D51DC4}
		{10F1E19E-AEBA-4835-9A58-F02BEC46FF4B} = {F32378B4-3DDB-491A-8485-20634188C0FD}
		{0DFAC9FC-9D48-4DCF-AE72-8FB1CA70A06E} = {F32378B4-3DDB-491A-8485-20634188C0FD}
		{EE89927C-03A6-4E57-B69A-DE71B101FCA7} = {F222E566-DA0C-443C-BB9F-80536F02DB36}
		{490E9BE8-814D-4617-8271-41A73C373F7D} = {BF970206-CAA8-46C3-9F1A-46BB82D51DC4}
		{3ECA2CC6-55C2-433F-A617-A7376E455F7C} = {F222E566-DA0C-443C-BB9F-80536F02DB36}
		{7ACB538D-2A75-4602-9422-1C5E72AB840A} = {0DB08A6B-6960-48CD-B23B-6428F47FDA60}
		{80ACACA8-C503-478D-817E-D3521F1B07F9} = {0DB08A6B-6960-48CD-B23B-6428F47FDA60}
		{165C57B8-6D07-4EFA-8697-3C43F7A5E112} = {0DB08A6B-6960-48CD-B23B-6428F47FDA60}
		{EB115E0B-90E8-4F6C-AE34-0676AA336271} = {0DB08A6B-6960-48CD-B23B-6428F47FDA60}
	EndGlobalSection
EndGlobal
