
Microsoft Visual Studio Solution File, Format Version 12.00
# Visual Studio 15
VisualStudioVersion = 15.0.27004.2005
MinimumVisualStudioVersion = 10.0.40219.1
Project("{FAE04EC0-301F-11D3-BF4B-00C04F79EFBC}") = "Azylee.Utils", "Azylee.Utils\Azylee.Utils.csproj", "{2D67AEF9-0238-49A5-A8C1-BE147A11C194}"
EndProject
Project("{2150E333-8FDC-42A3-9474-1A3956D46DE8}") = "Utils", "Utils", "{927325CD-24FD-4B85-A982-543D4F58A47C}"
EndProject
Project("{FAE04EC0-301F-11D3-BF4B-00C04F79EFBC}") = "Azylee.Core", "Azylee.Core\Azylee.Core.csproj", "{88DC61FA-95F0-41B7-9D7D-AB0F3CBD169C}"
EndProject
Project("{FAE04EC0-301F-11D3-BF4B-00C04F79EFBC}") = "Azylee.DB", "Azylee.DB\Azylee.DB.csproj", "{EF587677-DC59-4C46-B1AB-92904CD3F187}"
EndProject
Project("{FAE04EC0-301F-11D3-BF4B-00C04F79EFBC}") = "Azylee.ExeLaunch", "Azylee.ExeLaunch\Azylee.ExeLaunch.csproj", "{1AB11F85-BA96-4F82-8122-BB89E63FCCB1}"
EndProject
Project("{FAE04EC0-301F-11D3-BF4B-00C04F79EFBC}") = "Azylee.Update", "Azylee.Update\Azylee.Update.csproj", "{76F92BAE-8C9C-42AA-85E8-51F2EA8A0C91}"
EndProject
Project("{FAE04EC0-301F-11D3-BF4B-00C04F79EFBC}") = "Azylee.WinformSkin", "Azylee.WinformSkin\Azylee.WinformSkin.csproj", "{D280C16F-FDE2-4647-BD76-3514F673426D}"
EndProject
Project("{FAE04EC0-301F-11D3-BF4B-00C04F79EFBC}") = "Azylee.YeahWeb", "Azylee.YeahWeb\Azylee.YeahWeb.csproj", "{CCF7A654-B442-4DB1-BB3B-0F8014C3237F}"
EndProject
Project("{2150E333-8FDC-42A3-9474-1A3956D46DE8}") = "Tests", "Tests", "{9351FC10-E8D0-41BB-A813-0B5B3EA90605}"
EndProject
Project("{FAE04EC0-301F-11D3-BF4B-00C04F79EFBC}") = "Test.YeahWeb", "Tests\Test.YeahWeb\Test.YeahWeb.csproj", "{0213B9D4-1B4A-4BDE-9CE9-228C68A9A522}"
EndProject
Project("{FAE04EC0-301F-11D3-BF4B-00C04F79EFBC}") = "Azylee.DB.SQLite", "Azylee.DB.SQLite\Azylee.DB.SQLite.csproj", "{A77DBB5D-CA37-425C-8FA2-8B0736AE1C4D}"
EndProject
Project("{FAE04EC0-301F-11D3-BF4B-00C04F79EFBC}") = "Test.Toast", "Tests\Test.Toast\Test.Toast.csproj", "{576CFDD2-150A-4D0C-874A-730265537902}"
EndProject
Project("{FAE04EC0-301F-11D3-BF4B-00C04F79EFBC}") = "Azylee.Jsons", "Azylee.Jsons\Azylee.Jsons.csproj", "{DE3AB999-96D3-4A53-A9F2-7409138D0333}"
EndProject
Project("{FAE04EC0-301F-11D3-BF4B-00C04F79EFBC}") = "Test.TcpServerApp", "Tests\Test.TcpServerApp\Test.TcpServerApp.csproj", "{BF8291F5-3737-49EA-872B-07068D8AD4F0}"
EndProject
Project("{FAE04EC0-301F-11D3-BF4B-00C04F79EFBC}") = "Test.TcpClientApp", "Tests\Test.TcpClientApp\Test.TcpClientApp.csproj", "{B251E246-9F9C-4AEC-9748-FBCFAD2381E1}"
EndProject
Project("{FAE04EC0-301F-11D3-BF4B-00C04F79EFBC}") = "Test.ImageToolTest", "Tests\Test.ImageToolTest\Test.ImageToolTest.csproj", "{E974326B-5950-4421-901A-5BA47FCC1270}"
EndProject
Project("{FAE04EC0-301F-11D3-BF4B-00C04F79EFBC}") = "Test.Runrun", "Tests\Test.Runrun\Test.Runrun.csproj", "{37995B05-DB66-499F-B861-FB5451172E58}"
EndProject
Project("{FAE04EC0-301F-11D3-BF4B-00C04F79EFBC}") = "Test.NetworkControl", "Tests\Test.NetworkControl\Test.NetworkControl.csproj", "{0497D55F-332B-40CC-A8C6-8D3AF98FEBAD}"
EndProject
Project("{2150E333-8FDC-42A3-9474-1A3956D46DE8}") = "Exts", "Exts", "{618CFF8A-0137-4E15-BC07-4E172B7FC5DA}"
EndProject
Project("{FAE04EC0-301F-11D3-BF4B-00C04F79EFBC}") = "Azylee.Ext.NetworkX", "Azylee.Ext.NetworkX\Azylee.Ext.NetworkX.csproj", "{A320E11D-D771-4BBD-913F-DD0E87090943}"
EndProject
Project("{FAE04EC0-301F-11D3-BF4B-00C04F79EFBC}") = "Test.WifiManTest", "Tests\Test.WifiManTest\Test.WifiManTest.csproj", "{A5702F35-A589-4F03-9468-72BD4A6B57A9}"
EndProject
Global
	GlobalSection(SolutionConfigurationPlatforms) = preSolution
		Debug|Any CPU = Debug|Any CPU
		Release|Any CPU = Release|Any CPU
	EndGlobalSection
	GlobalSection(ProjectConfigurationPlatforms) = postSolution
		{2D67AEF9-0238-49A5-A8C1-BE147A11C194}.Debug|Any CPU.ActiveCfg = Debug|Any CPU
		{2D67AEF9-0238-49A5-A8C1-BE147A11C194}.Debug|Any CPU.Build.0 = Debug|Any CPU
		{2D67AEF9-0238-49A5-A8C1-BE147A11C194}.Release|Any CPU.ActiveCfg = Release|Any CPU
		{2D67AEF9-0238-49A5-A8C1-BE147A11C194}.Release|Any CPU.Build.0 = Release|Any CPU
		{88DC61FA-95F0-41B7-9D7D-AB0F3CBD169C}.Debug|Any CPU.ActiveCfg = Debug|Any CPU
		{88DC61FA-95F0-41B7-9D7D-AB0F3CBD169C}.Debug|Any CPU.Build.0 = Debug|Any CPU
		{88DC61FA-95F0-41B7-9D7D-AB0F3CBD169C}.Release|Any CPU.ActiveCfg = Release|Any CPU
		{88DC61FA-95F0-41B7-9D7D-AB0F3CBD169C}.Release|Any CPU.Build.0 = Release|Any CPU
		{EF587677-DC59-4C46-B1AB-92904CD3F187}.Debug|Any CPU.ActiveCfg = Debug|Any CPU
		{EF587677-DC59-4C46-B1AB-92904CD3F187}.Debug|Any CPU.Build.0 = Debug|Any CPU
		{EF587677-DC59-4C46-B1AB-92904CD3F187}.Release|Any CPU.ActiveCfg = Release|Any CPU
		{EF587677-DC59-4C46-B1AB-92904CD3F187}.Release|Any CPU.Build.0 = Release|Any CPU
		{1AB11F85-BA96-4F82-8122-BB89E63FCCB1}.Debug|Any CPU.ActiveCfg = Debug|Any CPU
		{1AB11F85-BA96-4F82-8122-BB89E63FCCB1}.Debug|Any CPU.Build.0 = Debug|Any CPU
		{1AB11F85-BA96-4F82-8122-BB89E63FCCB1}.Release|Any CPU.ActiveCfg = Release|Any CPU
		{1AB11F85-BA96-4F82-8122-BB89E63FCCB1}.Release|Any CPU.Build.0 = Release|Any CPU
		{76F92BAE-8C9C-42AA-85E8-51F2EA8A0C91}.Debug|Any CPU.ActiveCfg = Debug|Any CPU
		{76F92BAE-8C9C-42AA-85E8-51F2EA8A0C91}.Debug|Any CPU.Build.0 = Debug|Any CPU
		{76F92BAE-8C9C-42AA-85E8-51F2EA8A0C91}.Release|Any CPU.ActiveCfg = Release|Any CPU
		{76F92BAE-8C9C-42AA-85E8-51F2EA8A0C91}.Release|Any CPU.Build.0 = Release|Any CPU
		{D280C16F-FDE2-4647-BD76-3514F673426D}.Debug|Any CPU.ActiveCfg = Debug|Any CPU
		{D280C16F-FDE2-4647-BD76-3514F673426D}.Debug|Any CPU.Build.0 = Debug|Any CPU
		{D280C16F-FDE2-4647-BD76-3514F673426D}.Release|Any CPU.ActiveCfg = Release|Any CPU
		{D280C16F-FDE2-4647-BD76-3514F673426D}.Release|Any CPU.Build.0 = Release|Any CPU
		{CCF7A654-B442-4DB1-BB3B-0F8014C3237F}.Debug|Any CPU.ActiveCfg = Debug|Any CPU
		{CCF7A654-B442-4DB1-BB3B-0F8014C3237F}.Debug|Any CPU.Build.0 = Debug|Any CPU
		{CCF7A654-B442-4DB1-BB3B-0F8014C3237F}.Release|Any CPU.ActiveCfg = Release|Any CPU
		{CCF7A654-B442-4DB1-BB3B-0F8014C3237F}.Release|Any CPU.Build.0 = Release|Any CPU
		{0213B9D4-1B4A-4BDE-9CE9-228C68A9A522}.Debug|Any CPU.ActiveCfg = Debug|Any CPU
		{0213B9D4-1B4A-4BDE-9CE9-228C68A9A522}.Debug|Any CPU.Build.0 = Debug|Any CPU
		{0213B9D4-1B4A-4BDE-9CE9-228C68A9A522}.Release|Any CPU.ActiveCfg = Release|Any CPU
		{0213B9D4-1B4A-4BDE-9CE9-228C68A9A522}.Release|Any CPU.Build.0 = Release|Any CPU
		{A77DBB5D-CA37-425C-8FA2-8B0736AE1C4D}.Debug|Any CPU.ActiveCfg = Debug|Any CPU
		{A77DBB5D-CA37-425C-8FA2-8B0736AE1C4D}.Debug|Any CPU.Build.0 = Debug|Any CPU
		{A77DBB5D-CA37-425C-8FA2-8B0736AE1C4D}.Release|Any CPU.ActiveCfg = Release|Any CPU
		{A77DBB5D-CA37-425C-8FA2-8B0736AE1C4D}.Release|Any CPU.Build.0 = Release|Any CPU
		{576CFDD2-150A-4D0C-874A-730265537902}.Debug|Any CPU.ActiveCfg = Debug|Any CPU
		{576CFDD2-150A-4D0C-874A-730265537902}.Debug|Any CPU.Build.0 = Debug|Any CPU
		{576CFDD2-150A-4D0C-874A-730265537902}.Release|Any CPU.ActiveCfg = Release|Any CPU
		{576CFDD2-150A-4D0C-874A-730265537902}.Release|Any CPU.Build.0 = Release|Any CPU
		{DE3AB999-96D3-4A53-A9F2-7409138D0333}.Debug|Any CPU.ActiveCfg = Debug|Any CPU
		{DE3AB999-96D3-4A53-A9F2-7409138D0333}.Debug|Any CPU.Build.0 = Debug|Any CPU
		{DE3AB999-96D3-4A53-A9F2-7409138D0333}.Release|Any CPU.ActiveCfg = Release|Any CPU
		{DE3AB999-96D3-4A53-A9F2-7409138D0333}.Release|Any CPU.Build.0 = Release|Any CPU
		{BF8291F5-3737-49EA-872B-07068D8AD4F0}.Debug|Any CPU.ActiveCfg = Debug|Any CPU
		{BF8291F5-3737-49EA-872B-07068D8AD4F0}.Debug|Any CPU.Build.0 = Debug|Any CPU
		{BF8291F5-3737-49EA-872B-07068D8AD4F0}.Release|Any CPU.ActiveCfg = Release|Any CPU
		{BF8291F5-3737-49EA-872B-07068D8AD4F0}.Release|Any CPU.Build.0 = Release|Any CPU
		{B251E246-9F9C-4AEC-9748-FBCFAD2381E1}.Debug|Any CPU.ActiveCfg = Debug|Any CPU
		{B251E246-9F9C-4AEC-9748-FBCFAD2381E1}.Debug|Any CPU.Build.0 = Debug|Any CPU
		{B251E246-9F9C-4AEC-9748-FBCFAD2381E1}.Release|Any CPU.ActiveCfg = Release|Any CPU
		{B251E246-9F9C-4AEC-9748-FBCFAD2381E1}.Release|Any CPU.Build.0 = Release|Any CPU
		{E974326B-5950-4421-901A-5BA47FCC1270}.Debug|Any CPU.ActiveCfg = Debug|Any CPU
		{E974326B-5950-4421-901A-5BA47FCC1270}.Debug|Any CPU.Build.0 = Debug|Any CPU
		{E974326B-5950-4421-901A-5BA47FCC1270}.Release|Any CPU.ActiveCfg = Release|Any CPU
		{E974326B-5950-4421-901A-5BA47FCC1270}.Release|Any CPU.Build.0 = Release|Any CPU
		{37995B05-DB66-499F-B861-FB5451172E58}.Debug|Any CPU.ActiveCfg = Debug|Any CPU
		{37995B05-DB66-499F-B861-FB5451172E58}.Debug|Any CPU.Build.0 = Debug|Any CPU
		{37995B05-DB66-499F-B861-FB5451172E58}.Release|Any CPU.ActiveCfg = Release|Any CPU
		{37995B05-DB66-499F-B861-FB5451172E58}.Release|Any CPU.Build.0 = Release|Any CPU
		{0497D55F-332B-40CC-A8C6-8D3AF98FEBAD}.Debug|Any CPU.ActiveCfg = Debug|Any CPU
		{0497D55F-332B-40CC-A8C6-8D3AF98FEBAD}.Debug|Any CPU.Build.0 = Debug|Any CPU
		{0497D55F-332B-40CC-A8C6-8D3AF98FEBAD}.Release|Any CPU.ActiveCfg = Release|Any CPU
		{0497D55F-332B-40CC-A8C6-8D3AF98FEBAD}.Release|Any CPU.Build.0 = Release|Any CPU
		{A320E11D-D771-4BBD-913F-DD0E87090943}.Debug|Any CPU.ActiveCfg = Debug|Any CPU
		{A320E11D-D771-4BBD-913F-DD0E87090943}.Debug|Any CPU.Build.0 = Debug|Any CPU
		{A320E11D-D771-4BBD-913F-DD0E87090943}.Release|Any CPU.ActiveCfg = Release|Any CPU
		{A320E11D-D771-4BBD-913F-DD0E87090943}.Release|Any CPU.Build.0 = Release|Any CPU
		{A5702F35-A589-4F03-9468-72BD4A6B57A9}.Debug|Any CPU.ActiveCfg = Debug|Any CPU
		{A5702F35-A589-4F03-9468-72BD4A6B57A9}.Debug|Any CPU.Build.0 = Debug|Any CPU
		{A5702F35-A589-4F03-9468-72BD4A6B57A9}.Release|Any CPU.ActiveCfg = Release|Any CPU
		{A5702F35-A589-4F03-9468-72BD4A6B57A9}.Release|Any CPU.Build.0 = Release|Any CPU
	EndGlobalSection
	GlobalSection(SolutionProperties) = preSolution
		HideSolutionNode = FALSE
	EndGlobalSection
	GlobalSection(NestedProjects) = preSolution
		{88DC61FA-95F0-41B7-9D7D-AB0F3CBD169C} = {927325CD-24FD-4B85-A982-543D4F58A47C}
		{EF587677-DC59-4C46-B1AB-92904CD3F187} = {927325CD-24FD-4B85-A982-543D4F58A47C}
		{1AB11F85-BA96-4F82-8122-BB89E63FCCB1} = {927325CD-24FD-4B85-A982-543D4F58A47C}
		{76F92BAE-8C9C-42AA-85E8-51F2EA8A0C91} = {927325CD-24FD-4B85-A982-543D4F58A47C}
		{D280C16F-FDE2-4647-BD76-3514F673426D} = {927325CD-24FD-4B85-A982-543D4F58A47C}
		{CCF7A654-B442-4DB1-BB3B-0F8014C3237F} = {927325CD-24FD-4B85-A982-543D4F58A47C}
		{0213B9D4-1B4A-4BDE-9CE9-228C68A9A522} = {9351FC10-E8D0-41BB-A813-0B5B3EA90605}
		{A77DBB5D-CA37-425C-8FA2-8B0736AE1C4D} = {927325CD-24FD-4B85-A982-543D4F58A47C}
		{576CFDD2-150A-4D0C-874A-730265537902} = {9351FC10-E8D0-41BB-A813-0B5B3EA90605}
		{DE3AB999-96D3-4A53-A9F2-7409138D0333} = {927325CD-24FD-4B85-A982-543D4F58A47C}
		{BF8291F5-3737-49EA-872B-07068D8AD4F0} = {9351FC10-E8D0-41BB-A813-0B5B3EA90605}
		{B251E246-9F9C-4AEC-9748-FBCFAD2381E1} = {9351FC10-E8D0-41BB-A813-0B5B3EA90605}
		{E974326B-5950-4421-901A-5BA47FCC1270} = {9351FC10-E8D0-41BB-A813-0B5B3EA90605}
		{37995B05-DB66-499F-B861-FB5451172E58} = {9351FC10-E8D0-41BB-A813-0B5B3EA90605}
		{0497D55F-332B-40CC-A8C6-8D3AF98FEBAD} = {9351FC10-E8D0-41BB-A813-0B5B3EA90605}
		{A320E11D-D771-4BBD-913F-DD0E87090943} = {618CFF8A-0137-4E15-BC07-4E172B7FC5DA}
		{A5702F35-A589-4F03-9468-72BD4A6B57A9} = {9351FC10-E8D0-41BB-A813-0B5B3EA90605}
	EndGlobalSection
	GlobalSection(ExtensibilityGlobals) = postSolution
		SolutionGuid = {3A021A3E-4C98-47CD-B4E8-912E12611C2E}
	EndGlobalSection
EndGlobal
