
Microsoft Visual Studio Solution File, Format Version 12.00
# Visual Studio 15
VisualStudioVersion = 15.0.27004.2005
MinimumVisualStudioVersion = 10.0.40219.1
Project("{FAE04EC0-301F-11D3-BF4B-00C04F79EFBC}") = "Azylee.Utils", "Azylee.Utils\Azylee.Utils.csproj", "{2D67AEF9-0238-49A5-A8C1-BE147A11C194}"
EndProject
Project("{2150E333-8FDC-42A3-9474-1A3956D46DE8}") = "Utils", "Utils", "{927325CD-24FD-4B85-A982-543D4F58A47C}"
EndProject
Project("{FAE04EC0-301F-11D3-BF4B-00C04F79EFBC}") = "Azylee.Core", "Azylee.Core\Azylee.Core.csproj", "{88DC61FA-95F0-41B7-9D7D-AB0F3CBD169C}"
EndProject
Project("{FAE04EC0-301F-11D3-BF4B-00C04F79EFBC}") = "Azylee.Core.Plus", "Azylee.Core.Plus\Azylee.Core.Plus.csproj", "{915AE524-7EFD-4ECC-B731-DE1D1F5558F0}"
EndProject
Project("{FAE04EC0-301F-11D3-BF4B-00C04F79EFBC}") = "Azylee.DB", "Azylee.DB\Azylee.DB.csproj", "{EF587677-DC59-4C46-B1AB-92904CD3F187}"
EndProject
Project("{FAE04EC0-301F-11D3-BF4B-00C04F79EFBC}") = "Azylee.ExeLaunch", "Azylee.ExeLaunch\Azylee.ExeLaunch.csproj", "{1AB11F85-BA96-4F82-8122-BB89E63FCCB1}"
EndProject
Project("{FAE04EC0-301F-11D3-BF4B-00C04F79EFBC}") = "Azylee.Update", "Azylee.Update\Azylee.Update.csproj", "{76F92BAE-8C9C-42AA-85E8-51F2EA8A0C91}"
EndProject
Project("{FAE04EC0-301F-11D3-BF4B-00C04F79EFBC}") = "Azylee.WinformMan", "Azylee.WinformMan\Azylee.WinformMan.csproj", "{0783D6B7-A0E9-4E3B-B2E8-C72D318F99CE}"
EndProject
Project("{FAE04EC0-301F-11D3-BF4B-00C04F79EFBC}") = "Azylee.WinformSkin", "Azylee.WinformSkin\Azylee.WinformSkin.csproj", "{D280C16F-FDE2-4647-BD76-3514F673426D}"
EndProject
Project("{FAE04EC0-301F-11D3-BF4B-00C04F79EFBC}") = "Azylee.YeahWeb", "Azylee.YeahWeb\Azylee.YeahWeb.csproj", "{CCF7A654-B442-4DB1-BB3B-0F8014C3237F}"
EndProject
Project("{2150E333-8FDC-42A3-9474-1A3956D46DE8}") = "Tests", "Tests", "{9351FC10-E8D0-41BB-A813-0B5B3EA90605}"
EndProject
Project("{FAE04EC0-301F-11D3-BF4B-00C04F79EFBC}") = "Test.ProcessTool", "Tests\Test.ProcessTool\Test.ProcessTool.csproj", "{5FB93D25-8855-4A80-9E08-131BC728B7F4}"
EndProject
Project("{FAE04EC0-301F-11D3-BF4B-00C04F79EFBC}") = "Test.Qrcode", "Tests\Test.Qrcode\Test.Qrcode.csproj", "{79BE6AF9-1C83-4168-A97D-96D336F228B1}"
EndProject
Global
	GlobalSection(SolutionConfigurationPlatforms) = preSolution
		Debug|Any CPU = Debug|Any CPU
		Release|Any CPU = Release|Any CPU
	EndGlobalSection
	GlobalSection(ProjectConfigurationPlatforms) = postSolution
		{2D67AEF9-0238-49A5-A8C1-BE147A11C194}.Debug|Any CPU.ActiveCfg = Debug|Any CPU
		{2D67AEF9-0238-49A5-A8C1-BE147A11C194}.Debug|Any CPU.Build.0 = Debug|Any CPU
		{2D67AEF9-0238-49A5-A8C1-BE147A11C194}.Release|Any CPU.ActiveCfg = Release|Any CPU
		{2D67AEF9-0238-49A5-A8C1-BE147A11C194}.Release|Any CPU.Build.0 = Release|Any CPU
		{88DC61FA-95F0-41B7-9D7D-AB0F3CBD169C}.Debug|Any CPU.ActiveCfg = Debug|Any CPU
		{88DC61FA-95F0-41B7-9D7D-AB0F3CBD169C}.Debug|Any CPU.Build.0 = Debug|Any CPU
		{88DC61FA-95F0-41B7-9D7D-AB0F3CBD169C}.Release|Any CPU.ActiveCfg = Release|Any CPU
		{88DC61FA-95F0-41B7-9D7D-AB0F3CBD169C}.Release|Any CPU.Build.0 = Release|Any CPU
		{915AE524-7EFD-4ECC-B731-DE1D1F5558F0}.Debug|Any CPU.ActiveCfg = Debug|Any CPU
		{915AE524-7EFD-4ECC-B731-DE1D1F5558F0}.Debug|Any CPU.Build.0 = Debug|Any CPU
		{915AE524-7EFD-4ECC-B731-DE1D1F5558F0}.Release|Any CPU.ActiveCfg = Release|Any CPU
		{915AE524-7EFD-4ECC-B731-DE1D1F5558F0}.Release|Any CPU.Build.0 = Release|Any CPU
		{EF587677-DC59-4C46-B1AB-92904CD3F187}.Debug|Any CPU.ActiveCfg = Debug|Any CPU
		{EF587677-DC59-4C46-B1AB-92904CD3F187}.Debug|Any CPU.Build.0 = Debug|Any CPU
		{EF587677-DC59-4C46-B1AB-92904CD3F187}.Release|Any CPU.ActiveCfg = Release|Any CPU
		{EF587677-DC59-4C46-B1AB-92904CD3F187}.Release|Any CPU.Build.0 = Release|Any CPU
		{1AB11F85-BA96-4F82-8122-BB89E63FCCB1}.Debug|Any CPU.ActiveCfg = Debug|Any CPU
		{1AB11F85-BA96-4F82-8122-BB89E63FCCB1}.Debug|Any CPU.Build.0 = Debug|Any CPU
		{1AB11F85-BA96-4F82-8122-BB89E63FCCB1}.Release|Any CPU.ActiveCfg = Release|Any CPU
		{1AB11F85-BA96-4F82-8122-BB89E63FCCB1}.Release|Any CPU.Build.0 = Release|Any CPU
		{76F92BAE-8C9C-42AA-85E8-51F2EA8A0C91}.Debug|Any CPU.ActiveCfg = Debug|Any CPU
		{76F92BAE-8C9C-42AA-85E8-51F2EA8A0C91}.Debug|Any CPU.Build.0 = Debug|Any CPU
		{76F92BAE-8C9C-42AA-85E8-51F2EA8A0C91}.Release|Any CPU.ActiveCfg = Release|Any CPU
		{76F92BAE-8C9C-42AA-85E8-51F2EA8A0C91}.Release|Any CPU.Build.0 = Release|Any CPU
		{0783D6B7-A0E9-4E3B-B2E8-C72D318F99CE}.Debug|Any CPU.ActiveCfg = Debug|Any CPU
		{0783D6B7-A0E9-4E3B-B2E8-C72D318F99CE}.Debug|Any CPU.Build.0 = Debug|Any CPU
		{0783D6B7-A0E9-4E3B-B2E8-C72D318F99CE}.Release|Any CPU.ActiveCfg = Release|Any CPU
		{0783D6B7-A0E9-4E3B-B2E8-C72D318F99CE}.Release|Any CPU.Build.0 = Release|Any CPU
		{D280C16F-FDE2-4647-BD76-3514F673426D}.Debug|Any CPU.ActiveCfg = Debug|Any CPU
		{D280C16F-FDE2-4647-BD76-3514F673426D}.Debug|Any CPU.Build.0 = Debug|Any CPU
		{D280C16F-FDE2-4647-BD76-3514F673426D}.Release|Any CPU.ActiveCfg = Release|Any CPU
		{D280C16F-FDE2-4647-BD76-3514F673426D}.Release|Any CPU.Build.0 = Release|Any CPU
		{CCF7A654-B442-4DB1-BB3B-0F8014C3237F}.Debug|Any CPU.ActiveCfg = Debug|Any CPU
		{CCF7A654-B442-4DB1-BB3B-0F8014C3237F}.Debug|Any CPU.Build.0 = Debug|Any CPU
		{CCF7A654-B442-4DB1-BB3B-0F8014C3237F}.Release|Any CPU.ActiveCfg = Release|Any CPU
		{CCF7A654-B442-4DB1-BB3B-0F8014C3237F}.Release|Any CPU.Build.0 = Release|Any CPU
		{5FB93D25-8855-4A80-9E08-131BC728B7F4}.Debug|Any CPU.ActiveCfg = Debug|Any CPU
		{5FB93D25-8855-4A80-9E08-131BC728B7F4}.Debug|Any CPU.Build.0 = Debug|Any CPU
		{5FB93D25-8855-4A80-9E08-131BC728B7F4}.Release|Any CPU.ActiveCfg = Release|Any CPU
		{5FB93D25-8855-4A80-9E08-131BC728B7F4}.Release|Any CPU.Build.0 = Release|Any CPU
		{79BE6AF9-1C83-4168-A97D-96D336F228B1}.Debug|Any CPU.ActiveCfg = Debug|Any CPU
		{79BE6AF9-1C83-4168-A97D-96D336F228B1}.Debug|Any CPU.Build.0 = Debug|Any CPU
		{79BE6AF9-1C83-4168-A97D-96D336F228B1}.Release|Any CPU.ActiveCfg = Release|Any CPU
		{79BE6AF9-1C83-4168-A97D-96D336F228B1}.Release|Any CPU.Build.0 = Release|Any CPU
	EndGlobalSection
	GlobalSection(SolutionProperties) = preSolution
		HideSolutionNode = FALSE
	EndGlobalSection
	GlobalSection(NestedProjects) = preSolution
		{88DC61FA-95F0-41B7-9D7D-AB0F3CBD169C} = {927325CD-24FD-4B85-A982-543D4F58A47C}
		{915AE524-7EFD-4ECC-B731-DE1D1F5558F0} = {927325CD-24FD-4B85-A982-543D4F58A47C}
		{EF587677-DC59-4C46-B1AB-92904CD3F187} = {927325CD-24FD-4B85-A982-543D4F58A47C}
		{1AB11F85-BA96-4F82-8122-BB89E63FCCB1} = {927325CD-24FD-4B85-A982-543D4F58A47C}
		{76F92BAE-8C9C-42AA-85E8-51F2EA8A0C91} = {927325CD-24FD-4B85-A982-543D4F58A47C}
		{0783D6B7-A0E9-4E3B-B2E8-C72D318F99CE} = {927325CD-24FD-4B85-A982-543D4F58A47C}
		{D280C16F-FDE2-4647-BD76-3514F673426D} = {927325CD-24FD-4B85-A982-543D4F58A47C}
		{CCF7A654-B442-4DB1-BB3B-0F8014C3237F} = {927325CD-24FD-4B85-A982-543D4F58A47C}
		{5FB93D25-8855-4A80-9E08-131BC728B7F4} = {9351FC10-E8D0-41BB-A813-0B5B3EA90605}
		{79BE6AF9-1C83-4168-A97D-96D336F228B1} = {9351FC10-E8D0-41BB-A813-0B5B3EA90605}
	EndGlobalSection
	GlobalSection(ExtensibilityGlobals) = postSolution
		SolutionGuid = {3A021A3E-4C98-47CD-B4E8-912E12611C2E}
	EndGlobalSection
EndGlobal
